Microsoft Visual Studio Solution File, Format Version 11.00
# Visual Studio 2010
Project("{FAE04EC0-301F-11D3-BF4B-00C04F79EFBC}") = "Afterthought", "Afterthought\Afterthought.csproj", "{0857EBD2-0AE9-4FE2-B9D9-E3D5F924F0F0}"
EndProject
Project("{FAE04EC0-301F-11D3-BF4B-00C04F79EFBC}") = "Afterthought.UnitTest", "Afterthought.UnitTest\Afterthought.UnitTest.csproj", "{DAFABCD1-7355-4FC2-AE43-A1AB15E035BD}"
EndProject
Project("{2150E333-8FDC-42A3-9474-1A3956D46DE8}") = "Solution Items", "Solution Items", "{117576C5-77C6-4851-B271-5B0AAB147E7F}"
	ProjectSection(SolutionItems) = preProject
		License.txt = License.txt
		vc3os-sm.png = vc3os-sm.png
	EndProjectSection
EndProject
Project("{FAE04EC0-301F-11D3-BF4B-00C04F79EFBC}") = "Afterthought.UnitTest.Target", "Afterthought.UnitTest.Target\Afterthought.UnitTest.Target.csproj", "{F8EDDA64-66A0-433B-9DC2-A6D9CF9AEB84}"
	ProjectSection(ProjectDependencies) = postProject
		{FF39EADC-9D3C-40EB-A0EA-60C76C560D54} = {FF39EADC-9D3C-40EB-A0EA-60C76C560D54}
	EndProjectSection
EndProject
Project("{FAE04EC0-301F-11D3-BF4B-00C04F79EFBC}") = "Logging", "Examples\Logging\Logging\Logging.csproj", "{DCF621B2-47A4-490A-897D-C3593E2FB9C1}"
	ProjectSection(ProjectDependencies) = postProject
		{0857EBD2-0AE9-4FE2-B9D9-E3D5F924F0F0} = {0857EBD2-0AE9-4FE2-B9D9-E3D5F924F0F0}
		{FF39EADC-9D3C-40EB-A0EA-60C76C560D54} = {FF39EADC-9D3C-40EB-A0EA-60C76C560D54}
	EndProjectSection
EndProject
Project("{2150E333-8FDC-42A3-9474-1A3956D46DE8}") = "Examples", "Examples", "{B709D2A5-9303-401B-AF1B-0313C050FBC5}"
EndProject
Project("{2150E333-8FDC-42A3-9474-1A3956D46DE8}") = "Logging", "Logging", "{0DD0DE4A-10AC-4A3F-A3C6-4C96B902D819}"
	ProjectSection(SolutionItems) = preProject
		Readme.txt = Readme.txt
	EndProjectSection
EndProject
Project("{FAE04EC0-301F-11D3-BF4B-00C04F79EFBC}") = "Logging.Amender", "Examples\Logging\Logging.Amender\Logging.Amender.csproj", "{E8818AD9-D332-4B6D-B33F-0C0B942647A0}"
EndProject
Project("{FAE04EC0-301F-11D3-BF4B-00C04F79EFBC}") = "Logging.UnitTest", "Examples\Logging\Logging.UnitTest\Logging.UnitTest.csproj", "{AE704B90-7AC9-4567-B9BC-EB2C60EFD8AF}"
EndProject
Project("{FAE04EC0-301F-11D3-BF4B-00C04F79EFBC}") = "Logging.UnitTest.Target", "Examples\Logging\Logging.UnitTest.Target\Logging.UnitTest.Target.csproj", "{980DEA7F-BE8A-4287-ACF1-1494602BBB8B}"
	ProjectSection(ProjectDependencies) = postProject
		{0857EBD2-0AE9-4FE2-B9D9-E3D5F924F0F0} = {0857EBD2-0AE9-4FE2-B9D9-E3D5F924F0F0}
		{E8818AD9-D332-4B6D-B33F-0C0B942647A0} = {E8818AD9-D332-4B6D-B33F-0C0B942647A0}
		{FF39EADC-9D3C-40EB-A0EA-60C76C560D54} = {FF39EADC-9D3C-40EB-A0EA-60C76C560D54}
	EndProjectSection
EndProject
Project("{2150E333-8FDC-42A3-9474-1A3956D46DE8}") = "NotifyPropertyChanged", "NotifyPropertyChanged", "{CE2C2FFD-7195-4F8B-911A-42445EBAFFB9}"
EndProject
Project("{FAE04EC0-301F-11D3-BF4B-00C04F79EFBC}") = "NotifyPropertyChanged", "Examples\NotifyPropertyChanged\NotifyPropertyChanged\NotifyPropertyChanged.csproj", "{91D3E48E-0CFC-4F86-8B1C-456428095B1C}"
	ProjectSection(ProjectDependencies) = postProject
		{FF39EADC-9D3C-40EB-A0EA-60C76C560D54} = {FF39EADC-9D3C-40EB-A0EA-60C76C560D54}
	EndProjectSection
EndProject
Project("{FAE04EC0-301F-11D3-BF4B-00C04F79EFBC}") = "NotifyPropertyChanged.UnitTest.Target", "Examples\NotifyPropertyChanged\NotifyPropertyChanged.UnitTest.Target\NotifyPropertyChanged.UnitTest.Target.csproj", "{C17FACB4-07E2-43F9-BFFE-7891F65928CF}"
	ProjectSection(ProjectDependencies) = postProject
		{FF39EADC-9D3C-40EB-A0EA-60C76C560D54} = {FF39EADC-9D3C-40EB-A0EA-60C76C560D54}
	EndProjectSection
EndProject
Project("{FAE04EC0-301F-11D3-BF4B-00C04F79EFBC}") = "NotifyPropertyChanged.UnitTest", "Examples\NotifyPropertyChanged\NotifyPropertyChanged.UnitTest\NotifyPropertyChanged.UnitTest.csproj", "{CB0A7510-EEB3-4402-9EEE-A04E16B20D3D}"
EndProject
Project("{2150E333-8FDC-42A3-9474-1A3956D46DE8}") = "EntityFramework", "EntityFramework", "{6AC26EC8-2CA8-431C-89F2-954A2DD6B4D4}"
EndProject
Project("{FAE04EC0-301F-11D3-BF4B-00C04F79EFBC}") = "EntityFramework", "Examples\EntityFramework\EntityFramework\EntityFramework.csproj", "{C934A124-5208-4BF9-A1F0-B514287AD541}"
	ProjectSection(ProjectDependencies) = postProject
		{FF39EADC-9D3C-40EB-A0EA-60C76C560D54} = {FF39EADC-9D3C-40EB-A0EA-60C76C560D54}
	EndProjectSection
EndProject
Project("{FAE04EC0-301F-11D3-BF4B-00C04F79EFBC}") = "Afterthought.Amender", "Afterthought.Amender\Afterthought.Amender.csproj", "{FF39EADC-9D3C-40EB-A0EA-60C76C560D54}"
EndProject
Project("{FAE04EC0-301F-11D3-BF4B-00C04F79EFBC}") = "DataErrorInfo", "Examples\DataErrorInfo\DataErrorInfo\DataErrorInfo.csproj", "{2E48FFFA-75C6-4DE7-ABCB-1406E15624C0}"
EndProject
Project("{FAE04EC0-301F-11D3-BF4B-00C04F79EFBC}") = "DataErrorInfo.UnitTest", "Examples\DataErrorInfo\DataErrorInfo.UnitTest\DataErrorInfo.UnitTest.csproj", "{619C5E20-95D3-4D8C-80B7-0D122E785062}"
EndProject
Project("{FAE04EC0-301F-11D3-BF4B-00C04F79EFBC}") = "DataErrorInfo.UnitTest.Target", "Examples\DataErrorInfo\DataErrorInfo.UnitTest.Target\DataErrorInfo.UnitTest.Target.csproj", "{DA161C2D-C4AD-44DB-99E5-24FD33BD6A3E}"
EndProject
Project("{2150E333-8FDC-42A3-9474-1A3956D46DE8}") = "DataErrorInfo", "DataErrorInfo", "{6DDE7BC4-8361-435E-9D6C-79175B0E8C73}"
EndProject
Global
	GlobalSection(TeamFoundationVersionControl) = preSolution
		SccNumberOfProjects = 13
		SccEnterpriseProvider = {4CA58AB2-18FA-4F8D-95D4-32DDF27D184C}
		SccTeamFoundationServer = http://vc3-cae-tfs-01.vc3.com:8080/tfs/defaultcollection
		SccLocalPath0 = .
		SccProjectUniqueName1 = Afterthought.UnitTest.Target\\Afterthought.UnitTest.Target.csproj
		SccProjectName1 = Afterthought.UnitTest.Target
		SccLocalPath1 = Afterthought.UnitTest.Target
		SccProjectUniqueName2 = Afterthought.UnitTest\\Afterthought.UnitTest.csproj
		SccProjectName2 = Afterthought.UnitTest
		SccLocalPath2 = Afterthought.UnitTest
		SccProjectUniqueName3 = Afterthought\\Afterthought.csproj
		SccProjectName3 = Afterthought
		SccLocalPath3 = Afterthought
		SccProjectUniqueName4 = Examples\\EntityFramework\\EntityFramework\\EntityFramework.csproj
		SccProjectTopLevelParentUniqueName4 = Afterthought.sln
		SccProjectName4 = Examples/EntityFramework/EntityFramework
		SccLocalPath4 = Examples\\EntityFramework\\EntityFramework
		SccProjectUniqueName5 = Examples\\Logging\\Logging.Amender\\Logging.Amender.csproj
		SccProjectTopLevelParentUniqueName5 = Afterthought.sln
		SccProjectName5 = Examples/Logging/Logging.Amender
		SccLocalPath5 = Examples\\Logging\\Logging.Amender
		SccProjectUniqueName6 = Examples\\Logging\\Logging.UnitTest.Target\\Logging.UnitTest.Target.csproj
		SccProjectTopLevelParentUniqueName6 = Afterthought.sln
		SccProjectName6 = Examples/Logging/Logging.UnitTest.Target
		SccLocalPath6 = Examples\\Logging\\Logging.UnitTest.Target
		SccProjectUniqueName7 = Examples\\Logging\\Logging.UnitTest\\Logging.UnitTest.csproj
		SccProjectTopLevelParentUniqueName7 = Afterthought.sln
		SccProjectName7 = Examples/Logging/Logging.UnitTest
		SccLocalPath7 = Examples\\Logging\\Logging.UnitTest
		SccProjectUniqueName8 = Examples\\Logging\\Logging\\Logging.csproj
		SccProjectTopLevelParentUniqueName8 = Afterthought.sln
		SccProjectName8 = Examples/Logging/Logging
		SccLocalPath8 = Examples\\Logging\\Logging
		SccProjectUniqueName9 = Examples\\NotifyPropertyChanged\\NotifyPropertyChanged.UnitTest.Target\\NotifyPropertyChanged.UnitTest.Target.csproj
		SccProjectTopLevelParentUniqueName9 = Afterthought.sln
		SccProjectName9 = Examples/NotifyPropertyChanged/NotifyPropertyChanged.UnitTest.Target
		SccLocalPath9 = Examples\\NotifyPropertyChanged\\NotifyPropertyChanged.UnitTest.Target
		SccProjectUniqueName10 = Examples\\NotifyPropertyChanged\\NotifyPropertyChanged.UnitTest\\NotifyPropertyChanged.UnitTest.csproj
		SccProjectTopLevelParentUniqueName10 = Afterthought.sln
		SccProjectName10 = Examples/NotifyPropertyChanged/NotifyPropertyChanged.UnitTest
		SccLocalPath10 = Examples\\NotifyPropertyChanged\\NotifyPropertyChanged.UnitTest
		SccProjectUniqueName11 = Examples\\NotifyPropertyChanged\\NotifyPropertyChanged\\NotifyPropertyChanged.csproj
		SccProjectTopLevelParentUniqueName11 = Afterthought.sln
		SccProjectName11 = Examples/NotifyPropertyChanged/NotifyPropertyChanged
		SccLocalPath11 = Examples\\NotifyPropertyChanged\\NotifyPropertyChanged
		SccProjectUniqueName12 = Afterthought.Amender\\Afterthought.Amender.csproj
		SccProjectName12 = Afterthought.Amender
		SccLocalPath12 = Afterthought.Amender
	EndGlobalSection
	GlobalSection(SolutionConfigurationPlatforms) = preSolution
		CompilerOnly|Any CPU = CompilerOnly|Any CPU
		CompilerOnly|Mixed Platforms = CompilerOnly|Mixed Platforms
		CompilerOnly|Win32 = CompilerOnly|Win32
		CompilerOnly|x86 = CompilerOnly|x86
		Debug|Any CPU = Debug|Any CPU
		Debug|Mixed Platforms = Debug|Mixed Platforms
		Debug|Win32 = Debug|Win32
		Debug|x86 = Debug|x86
		FastpathSim|Any CPU = FastpathSim|Any CPU
		FastpathSim|Mixed Platforms = FastpathSim|Mixed Platforms
		FastpathSim|Win32 = FastpathSim|Win32
		FastpathSim|x86 = FastpathSim|x86
		NightlyDebug|Any CPU = NightlyDebug|Any CPU
		NightlyDebug|Mixed Platforms = NightlyDebug|Mixed Platforms
		NightlyDebug|Win32 = NightlyDebug|Win32
		NightlyDebug|x86 = NightlyDebug|x86
		NightlyRelease|Any CPU = NightlyRelease|Any CPU
		NightlyRelease|Mixed Platforms = NightlyRelease|Mixed Platforms
		NightlyRelease|Win32 = NightlyRelease|Win32
		NightlyRelease|x86 = NightlyRelease|x86
		NotifyPropertyChanged|Any CPU = NotifyPropertyChanged|Any CPU
		NotifyPropertyChanged|Mixed Platforms = NotifyPropertyChanged|Mixed Platforms
		NotifyPropertyChanged|Win32 = NotifyPropertyChanged|Win32
		NotifyPropertyChanged|x86 = NotifyPropertyChanged|x86
		Release|Any CPU = Release|Any CPU
		Release|Mixed Platforms = Release|Mixed Platforms
		Release|Win32 = Release|Win32
		Release|x86 = Release|x86
	EndGlobalSection
	GlobalSection(ProjectConfigurationPlatforms) = postSolution
		{0857EBD2-0AE9-4FE2-B9D9-E3D5F924F0F0}.CompilerOnly|Any CPU.ActiveCfg = Release|x86
		{0857EBD2-0AE9-4FE2-B9D9-E3D5F924F0F0}.CompilerOnly|Mixed Platforms.ActiveCfg = Release|x86
		{0857EBD2-0AE9-4FE2-B9D9-E3D5F924F0F0}.CompilerOnly|Mixed Platforms.Build.0 = Release|x86
		{0857EBD2-0AE9-4FE2-B9D9-E3D5F924F0F0}.CompilerOnly|Win32.ActiveCfg = Release|x86
		{0857EBD2-0AE9-4FE2-B9D9-E3D5F924F0F0}.CompilerOnly|x86.ActiveCfg = Release|x86
		{0857EBD2-0AE9-4FE2-B9D9-E3D5F924F0F0}.CompilerOnly|x86.Build.0 = Release|x86
		{0857EBD2-0AE9-4FE2-B9D9-E3D5F924F0F0}.Debug|Any CPU.ActiveCfg = Debug|x86
		{0857EBD2-0AE9-4FE2-B9D9-E3D5F924F0F0}.Debug|Mixed Platforms.ActiveCfg = Debug|x86
		{0857EBD2-0AE9-4FE2-B9D9-E3D5F924F0F0}.Debug|Mixed Platforms.Build.0 = Debug|x86
		{0857EBD2-0AE9-4FE2-B9D9-E3D5F924F0F0}.Debug|Win32.ActiveCfg = Debug|x86
		{0857EBD2-0AE9-4FE2-B9D9-E3D5F924F0F0}.Debug|x86.ActiveCfg = Debug|x86
		{0857EBD2-0AE9-4FE2-B9D9-E3D5F924F0F0}.Debug|x86.Build.0 = Debug|x86
		{0857EBD2-0AE9-4FE2-B9D9-E3D5F924F0F0}.FastpathSim|Any CPU.ActiveCfg = Release|x86
		{0857EBD2-0AE9-4FE2-B9D9-E3D5F924F0F0}.FastpathSim|Mixed Platforms.ActiveCfg = Release|x86
		{0857EBD2-0AE9-4FE2-B9D9-E3D5F924F0F0}.FastpathSim|Mixed Platforms.Build.0 = Release|x86
		{0857EBD2-0AE9-4FE2-B9D9-E3D5F924F0F0}.FastpathSim|Win32.ActiveCfg = Release|x86
		{0857EBD2-0AE9-4FE2-B9D9-E3D5F924F0F0}.FastpathSim|x86.ActiveCfg = Release|x86
		{0857EBD2-0AE9-4FE2-B9D9-E3D5F924F0F0}.FastpathSim|x86.Build.0 = Release|x86
		{0857EBD2-0AE9-4FE2-B9D9-E3D5F924F0F0}.NightlyDebug|Any CPU.ActiveCfg = Debug|x86
		{0857EBD2-0AE9-4FE2-B9D9-E3D5F924F0F0}.NightlyDebug|Mixed Platforms.ActiveCfg = Debug|x86
		{0857EBD2-0AE9-4FE2-B9D9-E3D5F924F0F0}.NightlyDebug|Mixed Platforms.Build.0 = Debug|x86
		{0857EBD2-0AE9-4FE2-B9D9-E3D5F924F0F0}.NightlyDebug|Win32.ActiveCfg = Debug|x86
		{0857EBD2-0AE9-4FE2-B9D9-E3D5F924F0F0}.NightlyDebug|x86.ActiveCfg = Debug|x86
		{0857EBD2-0AE9-4FE2-B9D9-E3D5F924F0F0}.NightlyDebug|x86.Build.0 = Debug|x86
		{0857EBD2-0AE9-4FE2-B9D9-E3D5F924F0F0}.NightlyRelease|Any CPU.ActiveCfg = Release|x86
		{0857EBD2-0AE9-4FE2-B9D9-E3D5F924F0F0}.NightlyRelease|Mixed Platforms.ActiveCfg = Release|x86
		{0857EBD2-0AE9-4FE2-B9D9-E3D5F924F0F0}.NightlyRelease|Mixed Platforms.Build.0 = Release|x86
		{0857EBD2-0AE9-4FE2-B9D9-E3D5F924F0F0}.NightlyRelease|Win32.ActiveCfg = Release|x86
		{0857EBD2-0AE9-4FE2-B9D9-E3D5F924F0F0}.NightlyRelease|x86.ActiveCfg = Release|x86
		{0857EBD2-0AE9-4FE2-B9D9-E3D5F924F0F0}.NightlyRelease|x86.Build.0 = Release|x86
		{0857EBD2-0AE9-4FE2-B9D9-E3D5F924F0F0}.NotifyPropertyChanged|Any CPU.ActiveCfg = Release|x86
		{0857EBD2-0AE9-4FE2-B9D9-E3D5F924F0F0}.NotifyPropertyChanged|Mixed Platforms.ActiveCfg = Release|x86
		{0857EBD2-0AE9-4FE2-B9D9-E3D5F924F0F0}.NotifyPropertyChanged|Mixed Platforms.Build.0 = Release|x86
		{0857EBD2-0AE9-4FE2-B9D9-E3D5F924F0F0}.NotifyPropertyChanged|Win32.ActiveCfg = Release|x86
		{0857EBD2-0AE9-4FE2-B9D9-E3D5F924F0F0}.NotifyPropertyChanged|x86.ActiveCfg = Release|x86
		{0857EBD2-0AE9-4FE2-B9D9-E3D5F924F0F0}.NotifyPropertyChanged|x86.Build.0 = Release|x86
		{0857EBD2-0AE9-4FE2-B9D9-E3D5F924F0F0}.Release|Any CPU.ActiveCfg = Release|x86
		{0857EBD2-0AE9-4FE2-B9D9-E3D5F924F0F0}.Release|Mixed Platforms.ActiveCfg = Release|x86
		{0857EBD2-0AE9-4FE2-B9D9-E3D5F924F0F0}.Release|Mixed Platforms.Build.0 = Release|x86
		{0857EBD2-0AE9-4FE2-B9D9-E3D5F924F0F0}.Release|Win32.ActiveCfg = Release|x86
		{0857EBD2-0AE9-4FE2-B9D9-E3D5F924F0F0}.Release|x86.ActiveCfg = Release|x86
		{0857EBD2-0AE9-4FE2-B9D9-E3D5F924F0F0}.Release|x86.Build.0 = Release|x86
		{DAFABCD1-7355-4FC2-AE43-A1AB15E035BD}.CompilerOnly|Any CPU.ActiveCfg = Release|Any CPU
		{DAFABCD1-7355-4FC2-AE43-A1AB15E035BD}.CompilerOnly|Any CPU.Build.0 = Release|Any CPU
		{DAFABCD1-7355-4FC2-AE43-A1AB15E035BD}.CompilerOnly|Mixed Platforms.ActiveCfg = Release|Any CPU
		{DAFABCD1-7355-4FC2-AE43-A1AB15E035BD}.CompilerOnly|Mixed Platforms.Build.0 = Release|Any CPU
		{DAFABCD1-7355-4FC2-AE43-A1AB15E035BD}.CompilerOnly|Win32.ActiveCfg = Release|Any CPU
		{DAFABCD1-7355-4FC2-AE43-A1AB15E035BD}.CompilerOnly|x86.ActiveCfg = Release|Any CPU
		{DAFABCD1-7355-4FC2-AE43-A1AB15E035BD}.Debug|Any CPU.ActiveCfg = Debug|Any CPU
		{DAFABCD1-7355-4FC2-AE43-A1AB15E035BD}.Debug|Any CPU.Build.0 = Debug|Any CPU
		{DAFABCD1-7355-4FC2-AE43-A1AB15E035BD}.Debug|Mixed Platforms.ActiveCfg = Debug|Any CPU
		{DAFABCD1-7355-4FC2-AE43-A1AB15E035BD}.Debug|Mixed Platforms.Build.0 = Debug|Any CPU
		{DAFABCD1-7355-4FC2-AE43-A1AB15E035BD}.Debug|Win32.ActiveCfg = Debug|Any CPU
		{DAFABCD1-7355-4FC2-AE43-A1AB15E035BD}.Debug|x86.ActiveCfg = Debug|Any CPU
		{DAFABCD1-7355-4FC2-AE43-A1AB15E035BD}.FastpathSim|Any CPU.ActiveCfg = Release|Any CPU
		{DAFABCD1-7355-4FC2-AE43-A1AB15E035BD}.FastpathSim|Any CPU.Build.0 = Release|Any CPU
		{DAFABCD1-7355-4FC2-AE43-A1AB15E035BD}.FastpathSim|Mixed Platforms.ActiveCfg = Release|Any CPU
		{DAFABCD1-7355-4FC2-AE43-A1AB15E035BD}.FastpathSim|Mixed Platforms.Build.0 = Release|Any CPU
		{DAFABCD1-7355-4FC2-AE43-A1AB15E035BD}.FastpathSim|Win32.ActiveCfg = Release|Any CPU
		{DAFABCD1-7355-4FC2-AE43-A1AB15E035BD}.FastpathSim|x86.ActiveCfg = Release|Any CPU
		{DAFABCD1-7355-4FC2-AE43-A1AB15E035BD}.NightlyDebug|Any CPU.ActiveCfg = Debug|Any CPU
		{DAFABCD1-7355-4FC2-AE43-A1AB15E035BD}.NightlyDebug|Any CPU.Build.0 = Debug|Any CPU
		{DAFABCD1-7355-4FC2-AE43-A1AB15E035BD}.NightlyDebug|Mixed Platforms.ActiveCfg = Debug|Any CPU
		{DAFABCD1-7355-4FC2-AE43-A1AB15E035BD}.NightlyDebug|Mixed Platforms.Build.0 = Debug|Any CPU
		{DAFABCD1-7355-4FC2-AE43-A1AB15E035BD}.NightlyDebug|Win32.ActiveCfg = Debug|Any CPU
		{DAFABCD1-7355-4FC2-AE43-A1AB15E035BD}.NightlyDebug|x86.ActiveCfg = Debug|Any CPU
		{DAFABCD1-7355-4FC2-AE43-A1AB15E035BD}.NightlyRelease|Any CPU.ActiveCfg = Release|Any CPU
		{DAFABCD1-7355-4FC2-AE43-A1AB15E035BD}.NightlyRelease|Any CPU.Build.0 = Release|Any CPU
		{DAFABCD1-7355-4FC2-AE43-A1AB15E035BD}.NightlyRelease|Mixed Platforms.ActiveCfg = Release|Any CPU
		{DAFABCD1-7355-4FC2-AE43-A1AB15E035BD}.NightlyRelease|Mixed Platforms.Build.0 = Release|Any CPU
		{DAFABCD1-7355-4FC2-AE43-A1AB15E035BD}.NightlyRelease|Win32.ActiveCfg = Release|Any CPU
		{DAFABCD1-7355-4FC2-AE43-A1AB15E035BD}.NightlyRelease|x86.ActiveCfg = Release|Any CPU
		{DAFABCD1-7355-4FC2-AE43-A1AB15E035BD}.NotifyPropertyChanged|Any CPU.ActiveCfg = Release|Any CPU
		{DAFABCD1-7355-4FC2-AE43-A1AB15E035BD}.NotifyPropertyChanged|Any CPU.Build.0 = Release|Any CPU
		{DAFABCD1-7355-4FC2-AE43-A1AB15E035BD}.NotifyPropertyChanged|Mixed Platforms.ActiveCfg = Release|Any CPU
		{DAFABCD1-7355-4FC2-AE43-A1AB15E035BD}.NotifyPropertyChanged|Mixed Platforms.Build.0 = Release|Any CPU
		{DAFABCD1-7355-4FC2-AE43-A1AB15E035BD}.NotifyPropertyChanged|Win32.ActiveCfg = Release|Any CPU
		{DAFABCD1-7355-4FC2-AE43-A1AB15E035BD}.NotifyPropertyChanged|x86.ActiveCfg = Release|Any CPU
		{DAFABCD1-7355-4FC2-AE43-A1AB15E035BD}.Release|Any CPU.ActiveCfg = Release|Any CPU
		{DAFABCD1-7355-4FC2-AE43-A1AB15E035BD}.Release|Any CPU.Build.0 = Release|Any CPU
		{DAFABCD1-7355-4FC2-AE43-A1AB15E035BD}.Release|Mixed Platforms.ActiveCfg = Release|Any CPU
		{DAFABCD1-7355-4FC2-AE43-A1AB15E035BD}.Release|Mixed Platforms.Build.0 = Release|Any CPU
		{DAFABCD1-7355-4FC2-AE43-A1AB15E035BD}.Release|Win32.ActiveCfg = Release|Any CPU
		{DAFABCD1-7355-4FC2-AE43-A1AB15E035BD}.Release|x86.ActiveCfg = Release|Any CPU
		{F8EDDA64-66A0-433B-9DC2-A6D9CF9AEB84}.CompilerOnly|Any CPU.ActiveCfg = Release|Any CPU
		{F8EDDA64-66A0-433B-9DC2-A6D9CF9AEB84}.CompilerOnly|Any CPU.Build.0 = Release|Any CPU
		{F8EDDA64-66A0-433B-9DC2-A6D9CF9AEB84}.CompilerOnly|Mixed Platforms.ActiveCfg = Release|Any CPU
		{F8EDDA64-66A0-433B-9DC2-A6D9CF9AEB84}.CompilerOnly|Mixed Platforms.Build.0 = Release|Any CPU
		{F8EDDA64-66A0-433B-9DC2-A6D9CF9AEB84}.CompilerOnly|Win32.ActiveCfg = Release|Any CPU
		{F8EDDA64-66A0-433B-9DC2-A6D9CF9AEB84}.CompilerOnly|x86.ActiveCfg = Release|Any CPU
		{F8EDDA64-66A0-433B-9DC2-A6D9CF9AEB84}.Debug|Any CPU.ActiveCfg = Debug|Any CPU
		{F8EDDA64-66A0-433B-9DC2-A6D9CF9AEB84}.Debug|Any CPU.Build.0 = Debug|Any CPU
		{F8EDDA64-66A0-433B-9DC2-A6D9CF9AEB84}.Debug|Mixed Platforms.ActiveCfg = Debug|Any CPU
		{F8EDDA64-66A0-433B-9DC2-A6D9CF9AEB84}.Debug|Mixed Platforms.Build.0 = Debug|Any CPU
		{F8EDDA64-66A0-433B-9DC2-A6D9CF9AEB84}.Debug|Win32.ActiveCfg = Debug|Any CPU
		{F8EDDA64-66A0-433B-9DC2-A6D9CF9AEB84}.Debug|x86.ActiveCfg = Debug|Any CPU
		{F8EDDA64-66A0-433B-9DC2-A6D9CF9AEB84}.FastpathSim|Any CPU.ActiveCfg = Release|Any CPU
		{F8EDDA64-66A0-433B-9DC2-A6D9CF9AEB84}.FastpathSim|Any CPU.Build.0 = Release|Any CPU
		{F8EDDA64-66A0-433B-9DC2-A6D9CF9AEB84}.FastpathSim|Mixed Platforms.ActiveCfg = Release|Any CPU
		{F8EDDA64-66A0-433B-9DC2-A6D9CF9AEB84}.FastpathSim|Mixed Platforms.Build.0 = Release|Any CPU
		{F8EDDA64-66A0-433B-9DC2-A6D9CF9AEB84}.FastpathSim|Win32.ActiveCfg = Release|Any CPU
		{F8EDDA64-66A0-433B-9DC2-A6D9CF9AEB84}.FastpathSim|x86.ActiveCfg = Release|Any CPU
		{F8EDDA64-66A0-433B-9DC2-A6D9CF9AEB84}.NightlyDebug|Any CPU.ActiveCfg = Debug|Any CPU
		{F8EDDA64-66A0-433B-9DC2-A6D9CF9AEB84}.NightlyDebug|Any CPU.Build.0 = Debug|Any CPU
		{F8EDDA64-66A0-433B-9DC2-A6D9CF9AEB84}.NightlyDebug|Mixed Platforms.ActiveCfg = Debug|Any CPU
		{F8EDDA64-66A0-433B-9DC2-A6D9CF9AEB84}.NightlyDebug|Mixed Platforms.Build.0 = Debug|Any CPU
		{F8EDDA64-66A0-433B-9DC2-A6D9CF9AEB84}.NightlyDebug|Win32.ActiveCfg = Debug|Any CPU
		{F8EDDA64-66A0-433B-9DC2-A6D9CF9AEB84}.NightlyDebug|x86.ActiveCfg = Debug|Any CPU
		{F8EDDA64-66A0-433B-9DC2-A6D9CF9AEB84}.NightlyRelease|Any CPU.ActiveCfg = Release|Any CPU
		{F8EDDA64-66A0-433B-9DC2-A6D9CF9AEB84}.NightlyRelease|Any CPU.Build.0 = Release|Any CPU
		{F8EDDA64-66A0-433B-9DC2-A6D9CF9AEB84}.NightlyRelease|Mixed Platforms.ActiveCfg = Release|Any CPU
		{F8EDDA64-66A0-433B-9DC2-A6D9CF9AEB84}.NightlyRelease|Mixed Platforms.Build.0 = Release|Any CPU
		{F8EDDA64-66A0-433B-9DC2-A6D9CF9AEB84}.NightlyRelease|Win32.ActiveCfg = Release|Any CPU
		{F8EDDA64-66A0-433B-9DC2-A6D9CF9AEB84}.NightlyRelease|x86.ActiveCfg = Release|Any CPU
		{F8EDDA64-66A0-433B-9DC2-A6D9CF9AEB84}.NotifyPropertyChanged|Any CPU.ActiveCfg = Release|Any CPU
		{F8EDDA64-66A0-433B-9DC2-A6D9CF9AEB84}.NotifyPropertyChanged|Any CPU.Build.0 = Release|Any CPU
		{F8EDDA64-66A0-433B-9DC2-A6D9CF9AEB84}.NotifyPropertyChanged|Mixed Platforms.ActiveCfg = Release|Any CPU
		{F8EDDA64-66A0-433B-9DC2-A6D9CF9AEB84}.NotifyPropertyChanged|Mixed Platforms.Build.0 = Release|Any CPU
		{F8EDDA64-66A0-433B-9DC2-A6D9CF9AEB84}.NotifyPropertyChanged|Win32.ActiveCfg = Release|Any CPU
		{F8EDDA64-66A0-433B-9DC2-A6D9CF9AEB84}.NotifyPropertyChanged|x86.ActiveCfg = Release|Any CPU
		{F8EDDA64-66A0-433B-9DC2-A6D9CF9AEB84}.Release|Any CPU.ActiveCfg = Release|Any CPU
		{F8EDDA64-66A0-433B-9DC2-A6D9CF9AEB84}.Release|Any CPU.Build.0 = Release|Any CPU
		{F8EDDA64-66A0-433B-9DC2-A6D9CF9AEB84}.Release|Mixed Platforms.ActiveCfg = Release|Any CPU
		{F8EDDA64-66A0-433B-9DC2-A6D9CF9AEB84}.Release|Mixed Platforms.Build.0 = Release|Any CPU
		{F8EDDA64-66A0-433B-9DC2-A6D9CF9AEB84}.Release|Win32.ActiveCfg = Release|Any CPU
		{F8EDDA64-66A0-433B-9DC2-A6D9CF9AEB84}.Release|x86.ActiveCfg = Release|Any CPU
		{DCF621B2-47A4-490A-897D-C3593E2FB9C1}.CompilerOnly|Any CPU.ActiveCfg = Release|Any CPU
		{DCF621B2-47A4-490A-897D-C3593E2FB9C1}.CompilerOnly|Any CPU.Build.0 = Release|Any CPU
		{DCF621B2-47A4-490A-897D-C3593E2FB9C1}.CompilerOnly|Mixed Platforms.ActiveCfg = Release|Any CPU
		{DCF621B2-47A4-490A-897D-C3593E2FB9C1}.CompilerOnly|Mixed Platforms.Build.0 = Release|Any CPU
		{DCF621B2-47A4-490A-897D-C3593E2FB9C1}.CompilerOnly|Win32.ActiveCfg = Release|Any CPU
		{DCF621B2-47A4-490A-897D-C3593E2FB9C1}.CompilerOnly|x86.ActiveCfg = Release|Any CPU
		{DCF621B2-47A4-490A-897D-C3593E2FB9C1}.Debug|Any CPU.ActiveCfg = Debug|Any CPU
		{DCF621B2-47A4-490A-897D-C3593E2FB9C1}.Debug|Any CPU.Build.0 = Debug|Any CPU
		{DCF621B2-47A4-490A-897D-C3593E2FB9C1}.Debug|Mixed Platforms.ActiveCfg = Debug|Any CPU
		{DCF621B2-47A4-490A-897D-C3593E2FB9C1}.Debug|Mixed Platforms.Build.0 = Debug|Any CPU
		{DCF621B2-47A4-490A-897D-C3593E2FB9C1}.Debug|Win32.ActiveCfg = Debug|Any CPU
		{DCF621B2-47A4-490A-897D-C3593E2FB9C1}.Debug|x86.ActiveCfg = Debug|Any CPU
		{DCF621B2-47A4-490A-897D-C3593E2FB9C1}.FastpathSim|Any CPU.ActiveCfg = Release|Any CPU
		{DCF621B2-47A4-490A-897D-C3593E2FB9C1}.FastpathSim|Any CPU.Build.0 = Release|Any CPU
		{DCF621B2-47A4-490A-897D-C3593E2FB9C1}.FastpathSim|Mixed Platforms.ActiveCfg = Release|Any CPU
		{DCF621B2-47A4-490A-897D-C3593E2FB9C1}.FastpathSim|Mixed Platforms.Build.0 = Release|Any CPU
		{DCF621B2-47A4-490A-897D-C3593E2FB9C1}.FastpathSim|Win32.ActiveCfg = Release|Any CPU
		{DCF621B2-47A4-490A-897D-C3593E2FB9C1}.FastpathSim|x86.ActiveCfg = Release|Any CPU
		{DCF621B2-47A4-490A-897D-C3593E2FB9C1}.NightlyDebug|Any CPU.ActiveCfg = Debug|Any CPU
		{DCF621B2-47A4-490A-897D-C3593E2FB9C1}.NightlyDebug|Any CPU.Build.0 = Debug|Any CPU
		{DCF621B2-47A4-490A-897D-C3593E2FB9C1}.NightlyDebug|Mixed Platforms.ActiveCfg = Debug|Any CPU
		{DCF621B2-47A4-490A-897D-C3593E2FB9C1}.NightlyDebug|Mixed Platforms.Build.0 = Debug|Any CPU
		{DCF621B2-47A4-490A-897D-C3593E2FB9C1}.NightlyDebug|Win32.ActiveCfg = Debug|Any CPU
		{DCF621B2-47A4-490A-897D-C3593E2FB9C1}.NightlyDebug|x86.ActiveCfg = Debug|Any CPU
		{DCF621B2-47A4-490A-897D-C3593E2FB9C1}.NightlyRelease|Any CPU.ActiveCfg = Release|Any CPU
		{DCF621B2-47A4-490A-897D-C3593E2FB9C1}.NightlyRelease|Any CPU.Build.0 = Release|Any CPU
		{DCF621B2-47A4-490A-897D-C3593E2FB9C1}.NightlyRelease|Mixed Platforms.ActiveCfg = Release|Any CPU
		{DCF621B2-47A4-490A-897D-C3593E2FB9C1}.NightlyRelease|Mixed Platforms.Build.0 = Release|Any CPU
		{DCF621B2-47A4-490A-897D-C3593E2FB9C1}.NightlyRelease|Win32.ActiveCfg = Release|Any CPU
		{DCF621B2-47A4-490A-897D-C3593E2FB9C1}.NightlyRelease|x86.ActiveCfg = Release|Any CPU
		{DCF621B2-47A4-490A-897D-C3593E2FB9C1}.NotifyPropertyChanged|Any CPU.ActiveCfg = Release|Any CPU
		{DCF621B2-47A4-490A-897D-C3593E2FB9C1}.NotifyPropertyChanged|Any CPU.Build.0 = Release|Any CPU
		{DCF621B2-47A4-490A-897D-C3593E2FB9C1}.NotifyPropertyChanged|Mixed Platforms.ActiveCfg = Release|Any CPU
		{DCF621B2-47A4-490A-897D-C3593E2FB9C1}.NotifyPropertyChanged|Mixed Platforms.Build.0 = Release|Any CPU
		{DCF621B2-47A4-490A-897D-C3593E2FB9C1}.NotifyPropertyChanged|Win32.ActiveCfg = Release|Any CPU
		{DCF621B2-47A4-490A-897D-C3593E2FB9C1}.NotifyPropertyChanged|x86.ActiveCfg = Release|Any CPU
		{DCF621B2-47A4-490A-897D-C3593E2FB9C1}.Release|Any CPU.ActiveCfg = Release|Any CPU
		{DCF621B2-47A4-490A-897D-C3593E2FB9C1}.Release|Any CPU.Build.0 = Release|Any CPU
		{DCF621B2-47A4-490A-897D-C3593E2FB9C1}.Release|Mixed Platforms.ActiveCfg = Release|Any CPU
		{DCF621B2-47A4-490A-897D-C3593E2FB9C1}.Release|Mixed Platforms.Build.0 = Release|Any CPU
		{DCF621B2-47A4-490A-897D-C3593E2FB9C1}.Release|Win32.ActiveCfg = Release|Any CPU
		{DCF621B2-47A4-490A-897D-C3593E2FB9C1}.Release|x86.ActiveCfg = Release|Any CPU
		{E8818AD9-D332-4B6D-B33F-0C0B942647A0}.CompilerOnly|Any CPU.ActiveCfg = Release|Any CPU
		{E8818AD9-D332-4B6D-B33F-0C0B942647A0}.CompilerOnly|Any CPU.Build.0 = Release|Any CPU
		{E8818AD9-D332-4B6D-B33F-0C0B942647A0}.CompilerOnly|Mixed Platforms.ActiveCfg = Release|Any CPU
		{E8818AD9-D332-4B6D-B33F-0C0B942647A0}.CompilerOnly|Mixed Platforms.Build.0 = Release|Any CPU
		{E8818AD9-D332-4B6D-B33F-0C0B942647A0}.CompilerOnly|Win32.ActiveCfg = Release|Any CPU
		{E8818AD9-D332-4B6D-B33F-0C0B942647A0}.CompilerOnly|x86.ActiveCfg = Release|Any CPU
		{E8818AD9-D332-4B6D-B33F-0C0B942647A0}.Debug|Any CPU.ActiveCfg = Debug|Any CPU
		{E8818AD9-D332-4B6D-B33F-0C0B942647A0}.Debug|Any CPU.Build.0 = Debug|Any CPU
		{E8818AD9-D332-4B6D-B33F-0C0B942647A0}.Debug|Mixed Platforms.ActiveCfg = Debug|Any CPU
		{E8818AD9-D332-4B6D-B33F-0C0B942647A0}.Debug|Mixed Platforms.Build.0 = Debug|Any CPU
		{E8818AD9-D332-4B6D-B33F-0C0B942647A0}.Debug|Win32.ActiveCfg = Debug|Any CPU
		{E8818AD9-D332-4B6D-B33F-0C0B942647A0}.Debug|x86.ActiveCfg = Debug|Any CPU
		{E8818AD9-D332-4B6D-B33F-0C0B942647A0}.FastpathSim|Any CPU.ActiveCfg = Release|Any CPU
		{E8818AD9-D332-4B6D-B33F-0C0B942647A0}.FastpathSim|Any CPU.Build.0 = Release|Any CPU
		{E8818AD9-D332-4B6D-B33F-0C0B942647A0}.FastpathSim|Mixed Platforms.ActiveCfg = Release|Any CPU
		{E8818AD9-D332-4B6D-B33F-0C0B942647A0}.FastpathSim|Mixed Platforms.Build.0 = Release|Any CPU
		{E8818AD9-D332-4B6D-B33F-0C0B942647A0}.FastpathSim|Win32.ActiveCfg = Release|Any CPU
		{E8818AD9-D332-4B6D-B33F-0C0B942647A0}.FastpathSim|x86.ActiveCfg = Release|Any CPU
		{E8818AD9-D332-4B6D-B33F-0C0B942647A0}.NightlyDebug|Any CPU.ActiveCfg = Debug|Any CPU
		{E8818AD9-D332-4B6D-B33F-0C0B942647A0}.NightlyDebug|Any CPU.Build.0 = Debug|Any CPU
		{E8818AD9-D332-4B6D-B33F-0C0B942647A0}.NightlyDebug|Mixed Platforms.ActiveCfg = Debug|Any CPU
		{E8818AD9-D332-4B6D-B33F-0C0B942647A0}.NightlyDebug|Mixed Platforms.Build.0 = Debug|Any CPU
		{E8818AD9-D332-4B6D-B33F-0C0B942647A0}.NightlyDebug|Win32.ActiveCfg = Debug|Any CPU
		{E8818AD9-D332-4B6D-B33F-0C0B942647A0}.NightlyDebug|x86.ActiveCfg = Debug|Any CPU
		{E8818AD9-D332-4B6D-B33F-0C0B942647A0}.NightlyRelease|Any CPU.ActiveCfg = Release|Any CPU
		{E8818AD9-D332-4B6D-B33F-0C0B942647A0}.NightlyRelease|Any CPU.Build.0 = Release|Any CPU
		{E8818AD9-D332-4B6D-B33F-0C0B942647A0}.NightlyRelease|Mixed Platforms.ActiveCfg = Release|Any CPU
		{E8818AD9-D332-4B6D-B33F-0C0B942647A0}.NightlyRelease|Mixed Platforms.Build.0 = Release|Any CPU
		{E8818AD9-D332-4B6D-B33F-0C0B942647A0}.NightlyRelease|Win32.ActiveCfg = Release|Any CPU
		{E8818AD9-D332-4B6D-B33F-0C0B942647A0}.NightlyRelease|x86.ActiveCfg = Release|Any CPU
		{E8818AD9-D332-4B6D-B33F-0C0B942647A0}.NotifyPropertyChanged|Any CPU.ActiveCfg = Release|Any CPU
		{E8818AD9-D332-4B6D-B33F-0C0B942647A0}.NotifyPropertyChanged|Any CPU.Build.0 = Release|Any CPU
		{E8818AD9-D332-4B6D-B33F-0C0B942647A0}.NotifyPropertyChanged|Mixed Platforms.ActiveCfg = Release|Any CPU
		{E8818AD9-D332-4B6D-B33F-0C0B942647A0}.NotifyPropertyChanged|Mixed Platforms.Build.0 = Release|Any CPU
		{E8818AD9-D332-4B6D-B33F-0C0B942647A0}.NotifyPropertyChanged|Win32.ActiveCfg = Release|Any CPU
		{E8818AD9-D332-4B6D-B33F-0C0B942647A0}.NotifyPropertyChanged|x86.ActiveCfg = Release|Any CPU
		{E8818AD9-D332-4B6D-B33F-0C0B942647A0}.Release|Any CPU.ActiveCfg = Release|Any CPU
		{E8818AD9-D332-4B6D-B33F-0C0B942647A0}.Release|Any CPU.Build.0 = Release|Any CPU
		{E8818AD9-D332-4B6D-B33F-0C0B942647A0}.Release|Mixed Platforms.ActiveCfg = Release|Any CPU
		{E8818AD9-D332-4B6D-B33F-0C0B942647A0}.Release|Mixed Platforms.Build.0 = Release|Any CPU
		{E8818AD9-D332-4B6D-B33F-0C0B942647A0}.Release|Win32.ActiveCfg = Release|Any CPU
		{E8818AD9-D332-4B6D-B33F-0C0B942647A0}.Release|x86.ActiveCfg = Release|Any CPU
		{AE704B90-7AC9-4567-B9BC-EB2C60EFD8AF}.CompilerOnly|Any CPU.ActiveCfg = Release|Any CPU
		{AE704B90-7AC9-4567-B9BC-EB2C60EFD8AF}.CompilerOnly|Any CPU.Build.0 = Release|Any CPU
		{AE704B90-7AC9-4567-B9BC-EB2C60EFD8AF}.CompilerOnly|Mixed Platforms.ActiveCfg = Release|Any CPU
		{AE704B90-7AC9-4567-B9BC-EB2C60EFD8AF}.CompilerOnly|Mixed Platforms.Build.0 = Release|Any CPU
		{AE704B90-7AC9-4567-B9BC-EB2C60EFD8AF}.CompilerOnly|Win32.ActiveCfg = Release|Any CPU
		{AE704B90-7AC9-4567-B9BC-EB2C60EFD8AF}.CompilerOnly|x86.ActiveCfg = Release|Any CPU
		{AE704B90-7AC9-4567-B9BC-EB2C60EFD8AF}.Debug|Any CPU.ActiveCfg = Debug|Any CPU
		{AE704B90-7AC9-4567-B9BC-EB2C60EFD8AF}.Debug|Any CPU.Build.0 = Debug|Any CPU
		{AE704B90-7AC9-4567-B9BC-EB2C60EFD8AF}.Debug|Mixed Platforms.ActiveCfg = Debug|Any CPU
		{AE704B90-7AC9-4567-B9BC-EB2C60EFD8AF}.Debug|Mixed Platforms.Build.0 = Debug|Any CPU
		{AE704B90-7AC9-4567-B9BC-EB2C60EFD8AF}.Debug|Win32.ActiveCfg = Debug|Any CPU
		{AE704B90-7AC9-4567-B9BC-EB2C60EFD8AF}.Debug|x86.ActiveCfg = Debug|Any CPU
		{AE704B90-7AC9-4567-B9BC-EB2C60EFD8AF}.FastpathSim|Any CPU.ActiveCfg = Release|Any CPU
		{AE704B90-7AC9-4567-B9BC-EB2C60EFD8AF}.FastpathSim|Any CPU.Build.0 = Release|Any CPU
		{AE704B90-7AC9-4567-B9BC-EB2C60EFD8AF}.FastpathSim|Mixed Platforms.ActiveCfg = Release|Any CPU
		{AE704B90-7AC9-4567-B9BC-EB2C60EFD8AF}.FastpathSim|Mixed Platforms.Build.0 = Release|Any CPU
		{AE704B90-7AC9-4567-B9BC-EB2C60EFD8AF}.FastpathSim|Win32.ActiveCfg = Release|Any CPU
		{AE704B90-7AC9-4567-B9BC-EB2C60EFD8AF}.FastpathSim|x86.ActiveCfg = Release|Any CPU
		{AE704B90-7AC9-4567-B9BC-EB2C60EFD8AF}.NightlyDebug|Any CPU.ActiveCfg = Debug|Any CPU
		{AE704B90-7AC9-4567-B9BC-EB2C60EFD8AF}.NightlyDebug|Any CPU.Build.0 = Debug|Any CPU
		{AE704B90-7AC9-4567-B9BC-EB2C60EFD8AF}.NightlyDebug|Mixed Platforms.ActiveCfg = Debug|Any CPU
		{AE704B90-7AC9-4567-B9BC-EB2C60EFD8AF}.NightlyDebug|Mixed Platforms.Build.0 = Debug|Any CPU
		{AE704B90-7AC9-4567-B9BC-EB2C60EFD8AF}.NightlyDebug|Win32.ActiveCfg = Debug|Any CPU
		{AE704B90-7AC9-4567-B9BC-EB2C60EFD8AF}.NightlyDebug|x86.ActiveCfg = Debug|Any CPU
		{AE704B90-7AC9-4567-B9BC-EB2C60EFD8AF}.NightlyRelease|Any CPU.ActiveCfg = Release|Any CPU
		{AE704B90-7AC9-4567-B9BC-EB2C60EFD8AF}.NightlyRelease|Any CPU.Build.0 = Release|Any CPU
		{AE704B90-7AC9-4567-B9BC-EB2C60EFD8AF}.NightlyRelease|Mixed Platforms.ActiveCfg = Release|Any CPU
		{AE704B90-7AC9-4567-B9BC-EB2C60EFD8AF}.NightlyRelease|Mixed Platforms.Build.0 = Release|Any CPU
		{AE704B90-7AC9-4567-B9BC-EB2C60EFD8AF}.NightlyRelease|Win32.ActiveCfg = Release|Any CPU
		{AE704B90-7AC9-4567-B9BC-EB2C60EFD8AF}.NightlyRelease|x86.ActiveCfg = Release|Any CPU
		{AE704B90-7AC9-4567-B9BC-EB2C60EFD8AF}.NotifyPropertyChanged|Any CPU.ActiveCfg = Release|Any CPU
		{AE704B90-7AC9-4567-B9BC-EB2C60EFD8AF}.NotifyPropertyChanged|Any CPU.Build.0 = Release|Any CPU
		{AE704B90-7AC9-4567-B9BC-EB2C60EFD8AF}.NotifyPropertyChanged|Mixed Platforms.ActiveCfg = Release|Any CPU
		{AE704B90-7AC9-4567-B9BC-EB2C60EFD8AF}.NotifyPropertyChanged|Mixed Platforms.Build.0 = Release|Any CPU
		{AE704B90-7AC9-4567-B9BC-EB2C60EFD8AF}.NotifyPropertyChanged|Win32.ActiveCfg = Release|Any CPU
		{AE704B90-7AC9-4567-B9BC-EB2C60EFD8AF}.NotifyPropertyChanged|x86.ActiveCfg = Release|Any CPU
		{AE704B90-7AC9-4567-B9BC-EB2C60EFD8AF}.Release|Any CPU.ActiveCfg = Release|Any CPU
		{AE704B90-7AC9-4567-B9BC-EB2C60EFD8AF}.Release|Any CPU.Build.0 = Release|Any CPU
		{AE704B90-7AC9-4567-B9BC-EB2C60EFD8AF}.Release|Mixed Platforms.ActiveCfg = Release|Any CPU
		{AE704B90-7AC9-4567-B9BC-EB2C60EFD8AF}.Release|Mixed Platforms.Build.0 = Release|Any CPU
		{AE704B90-7AC9-4567-B9BC-EB2C60EFD8AF}.Release|Win32.ActiveCfg = Release|Any CPU
		{AE704B90-7AC9-4567-B9BC-EB2C60EFD8AF}.Release|x86.ActiveCfg = Release|Any CPU
		{980DEA7F-BE8A-4287-ACF1-1494602BBB8B}.CompilerOnly|Any CPU.ActiveCfg = Release|Any CPU
		{980DEA7F-BE8A-4287-ACF1-1494602BBB8B}.CompilerOnly|Any CPU.Build.0 = Release|Any CPU
		{980DEA7F-BE8A-4287-ACF1-1494602BBB8B}.CompilerOnly|Mixed Platforms.ActiveCfg = Release|Any CPU
		{980DEA7F-BE8A-4287-ACF1-1494602BBB8B}.CompilerOnly|Mixed Platforms.Build.0 = Release|Any CPU
		{980DEA7F-BE8A-4287-ACF1-1494602BBB8B}.CompilerOnly|Win32.ActiveCfg = Release|Any CPU
		{980DEA7F-BE8A-4287-ACF1-1494602BBB8B}.CompilerOnly|x86.ActiveCfg = Release|Any CPU
		{980DEA7F-BE8A-4287-ACF1-1494602BBB8B}.Debug|Any CPU.ActiveCfg = Debug|Any CPU
		{980DEA7F-BE8A-4287-ACF1-1494602BBB8B}.Debug|Any CPU.Build.0 = Debug|Any CPU
		{980DEA7F-BE8A-4287-ACF1-1494602BBB8B}.Debug|Mixed Platforms.ActiveCfg = Debug|Any CPU
		{980DEA7F-BE8A-4287-ACF1-1494602BBB8B}.Debug|Mixed Platforms.Build.0 = Debug|Any CPU
		{980DEA7F-BE8A-4287-ACF1-1494602BBB8B}.Debug|Win32.ActiveCfg = Debug|Any CPU
		{980DEA7F-BE8A-4287-ACF1-1494602BBB8B}.Debug|x86.ActiveCfg = Debug|Any CPU
		{980DEA7F-BE8A-4287-ACF1-1494602BBB8B}.FastpathSim|Any CPU.ActiveCfg = Release|Any CPU
		{980DEA7F-BE8A-4287-ACF1-1494602BBB8B}.FastpathSim|Any CPU.Build.0 = Release|Any CPU
		{980DEA7F-BE8A-4287-ACF1-1494602BBB8B}.FastpathSim|Mixed Platforms.ActiveCfg = Release|Any CPU
		{980DEA7F-BE8A-4287-ACF1-1494602BBB8B}.FastpathSim|Mixed Platforms.Build.0 = Release|Any CPU
		{980DEA7F-BE8A-4287-ACF1-1494602BBB8B}.FastpathSim|Win32.ActiveCfg = Release|Any CPU
		{980DEA7F-BE8A-4287-ACF1-1494602BBB8B}.FastpathSim|x86.ActiveCfg = Release|Any CPU
		{980DEA7F-BE8A-4287-ACF1-1494602BBB8B}.NightlyDebug|Any CPU.ActiveCfg = Debug|Any CPU
		{980DEA7F-BE8A-4287-ACF1-1494602BBB8B}.NightlyDebug|Any CPU.Build.0 = Debug|Any CPU
		{980DEA7F-BE8A-4287-ACF1-1494602BBB8B}.NightlyDebug|Mixed Platforms.ActiveCfg = Debug|Any CPU
		{980DEA7F-BE8A-4287-ACF1-1494602BBB8B}.NightlyDebug|Mixed Platforms.Build.0 = Debug|Any CPU
		{980DEA7F-BE8A-4287-ACF1-1494602BBB8B}.NightlyDebug|Win32.ActiveCfg = Debug|Any CPU
		{980DEA7F-BE8A-4287-ACF1-1494602BBB8B}.NightlyDebug|x86.ActiveCfg = Debug|Any CPU
		{980DEA7F-BE8A-4287-ACF1-1494602BBB8B}.NightlyRelease|Any CPU.ActiveCfg = Release|Any CPU
		{980DEA7F-BE8A-4287-ACF1-1494602BBB8B}.NightlyRelease|Any CPU.Build.0 = Release|Any CPU
		{980DEA7F-BE8A-4287-ACF1-1494602BBB8B}.NightlyRelease|Mixed Platforms.ActiveCfg = Release|Any CPU
		{980DEA7F-BE8A-4287-ACF1-1494602BBB8B}.NightlyRelease|Mixed Platforms.Build.0 = Release|Any CPU
		{980DEA7F-BE8A-4287-ACF1-1494602BBB8B}.NightlyRelease|Win32.ActiveCfg = Release|Any CPU
		{980DEA7F-BE8A-4287-ACF1-1494602BBB8B}.NightlyRelease|x86.ActiveCfg = Release|Any CPU
		{980DEA7F-BE8A-4287-ACF1-1494602BBB8B}.NotifyPropertyChanged|Any CPU.ActiveCfg = Release|Any CPU
		{980DEA7F-BE8A-4287-ACF1-1494602BBB8B}.NotifyPropertyChanged|Any CPU.Build.0 = Release|Any CPU
		{980DEA7F-BE8A-4287-ACF1-1494602BBB8B}.NotifyPropertyChanged|Mixed Platforms.ActiveCfg = Release|Any CPU
		{980DEA7F-BE8A-4287-ACF1-1494602BBB8B}.NotifyPropertyChanged|Mixed Platforms.Build.0 = Release|Any CPU
		{980DEA7F-BE8A-4287-ACF1-1494602BBB8B}.NotifyPropertyChanged|Win32.ActiveCfg = Release|Any CPU
		{980DEA7F-BE8A-4287-ACF1-1494602BBB8B}.NotifyPropertyChanged|x86.ActiveCfg = Release|Any CPU
		{980DEA7F-BE8A-4287-ACF1-1494602BBB8B}.Release|Any CPU.ActiveCfg = Release|Any CPU
		{980DEA7F-BE8A-4287-ACF1-1494602BBB8B}.Release|Any CPU.Build.0 = Release|Any CPU
		{980DEA7F-BE8A-4287-ACF1-1494602BBB8B}.Release|Mixed Platforms.ActiveCfg = Release|Any CPU
		{980DEA7F-BE8A-4287-ACF1-1494602BBB8B}.Release|Mixed Platforms.Build.0 = Release|Any CPU
		{980DEA7F-BE8A-4287-ACF1-1494602BBB8B}.Release|Win32.ActiveCfg = Release|Any CPU
		{980DEA7F-BE8A-4287-ACF1-1494602BBB8B}.Release|x86.ActiveCfg = Release|Any CPU
		{91D3E48E-0CFC-4F86-8B1C-456428095B1C}.CompilerOnly|Any CPU.ActiveCfg = Release|Any CPU
		{91D3E48E-0CFC-4F86-8B1C-456428095B1C}.CompilerOnly|Any CPU.Build.0 = Release|Any CPU
		{91D3E48E-0CFC-4F86-8B1C-456428095B1C}.CompilerOnly|Mixed Platforms.ActiveCfg = Release|Any CPU
		{91D3E48E-0CFC-4F86-8B1C-456428095B1C}.CompilerOnly|Mixed Platforms.Build.0 = Release|Any CPU
		{91D3E48E-0CFC-4F86-8B1C-456428095B1C}.CompilerOnly|Win32.ActiveCfg = Release|Any CPU
		{91D3E48E-0CFC-4F86-8B1C-456428095B1C}.CompilerOnly|x86.ActiveCfg = Release|Any CPU
		{91D3E48E-0CFC-4F86-8B1C-456428095B1C}.Debug|Any CPU.ActiveCfg = Debug|Any CPU
		{91D3E48E-0CFC-4F86-8B1C-456428095B1C}.Debug|Any CPU.Build.0 = Debug|Any CPU
		{91D3E48E-0CFC-4F86-8B1C-456428095B1C}.Debug|Mixed Platforms.ActiveCfg = Debug|Any CPU
		{91D3E48E-0CFC-4F86-8B1C-456428095B1C}.Debug|Mixed Platforms.Build.0 = Debug|Any CPU
		{91D3E48E-0CFC-4F86-8B1C-456428095B1C}.Debug|Win32.ActiveCfg = Debug|Any CPU
		{91D3E48E-0CFC-4F86-8B1C-456428095B1C}.Debug|x86.ActiveCfg = Debug|Any CPU
		{91D3E48E-0CFC-4F86-8B1C-456428095B1C}.FastpathSim|Any CPU.ActiveCfg = Release|Any CPU
		{91D3E48E-0CFC-4F86-8B1C-456428095B1C}.FastpathSim|Any CPU.Build.0 = Release|Any CPU
		{91D3E48E-0CFC-4F86-8B1C-456428095B1C}.FastpathSim|Mixed Platforms.ActiveCfg = Release|Any CPU
		{91D3E48E-0CFC-4F86-8B1C-456428095B1C}.FastpathSim|Mixed Platforms.Build.0 = Release|Any CPU
		{91D3E48E-0CFC-4F86-8B1C-456428095B1C}.FastpathSim|Win32.ActiveCfg = Release|Any CPU
		{91D3E48E-0CFC-4F86-8B1C-456428095B1C}.FastpathSim|x86.ActiveCfg = Release|Any CPU
		{91D3E48E-0CFC-4F86-8B1C-456428095B1C}.NightlyDebug|Any CPU.ActiveCfg = Debug|Any CPU
		{91D3E48E-0CFC-4F86-8B1C-456428095B1C}.NightlyDebug|Any CPU.Build.0 = Debug|Any CPU
		{91D3E48E-0CFC-4F86-8B1C-456428095B1C}.NightlyDebug|Mixed Platforms.ActiveCfg = Debug|Any CPU
		{91D3E48E-0CFC-4F86-8B1C-456428095B1C}.NightlyDebug|Mixed Platforms.Build.0 = Debug|Any CPU
		{91D3E48E-0CFC-4F86-8B1C-456428095B1C}.NightlyDebug|Win32.ActiveCfg = Debug|Any CPU
		{91D3E48E-0CFC-4F86-8B1C-456428095B1C}.NightlyDebug|x86.ActiveCfg = Debug|Any CPU
		{91D3E48E-0CFC-4F86-8B1C-456428095B1C}.NightlyRelease|Any CPU.ActiveCfg = Release|Any CPU
		{91D3E48E-0CFC-4F86-8B1C-456428095B1C}.NightlyRelease|Any CPU.Build.0 = Release|Any CPU
		{91D3E48E-0CFC-4F86-8B1C-456428095B1C}.NightlyRelease|Mixed Platforms.ActiveCfg = Release|Any CPU
		{91D3E48E-0CFC-4F86-8B1C-456428095B1C}.NightlyRelease|Mixed Platforms.Build.0 = Release|Any CPU
		{91D3E48E-0CFC-4F86-8B1C-456428095B1C}.NightlyRelease|Win32.ActiveCfg = Release|Any CPU
		{91D3E48E-0CFC-4F86-8B1C-456428095B1C}.NightlyRelease|x86.ActiveCfg = Release|Any CPU
		{91D3E48E-0CFC-4F86-8B1C-456428095B1C}.NotifyPropertyChanged|Any CPU.ActiveCfg = Release|Any CPU
		{91D3E48E-0CFC-4F86-8B1C-456428095B1C}.NotifyPropertyChanged|Any CPU.Build.0 = Release|Any CPU
		{91D3E48E-0CFC-4F86-8B1C-456428095B1C}.NotifyPropertyChanged|Mixed Platforms.ActiveCfg = Release|Any CPU
		{91D3E48E-0CFC-4F86-8B1C-456428095B1C}.NotifyPropertyChanged|Mixed Platforms.Build.0 = Release|Any CPU
		{91D3E48E-0CFC-4F86-8B1C-456428095B1C}.NotifyPropertyChanged|Win32.ActiveCfg = Release|Any CPU
		{91D3E48E-0CFC-4F86-8B1C-456428095B1C}.NotifyPropertyChanged|x86.ActiveCfg = Release|Any CPU
		{91D3E48E-0CFC-4F86-8B1C-456428095B1C}.Release|Any CPU.ActiveCfg = Release|Any CPU
		{91D3E48E-0CFC-4F86-8B1C-456428095B1C}.Release|Any CPU.Build.0 = Release|Any CPU
		{91D3E48E-0CFC-4F86-8B1C-456428095B1C}.Release|Mixed Platforms.ActiveCfg = Release|Any CPU
		{91D3E48E-0CFC-4F86-8B1C-456428095B1C}.Release|Mixed Platforms.Build.0 = Release|Any CPU
		{91D3E48E-0CFC-4F86-8B1C-456428095B1C}.Release|Win32.ActiveCfg = Release|Any CPU
		{91D3E48E-0CFC-4F86-8B1C-456428095B1C}.Release|x86.ActiveCfg = Release|Any CPU
		{C17FACB4-07E2-43F9-BFFE-7891F65928CF}.CompilerOnly|Any CPU.ActiveCfg = Release|Any CPU
		{C17FACB4-07E2-43F9-BFFE-7891F65928CF}.CompilerOnly|Any CPU.Build.0 = Release|Any CPU
		{C17FACB4-07E2-43F9-BFFE-7891F65928CF}.CompilerOnly|Mixed Platforms.ActiveCfg = Release|Any CPU
		{C17FACB4-07E2-43F9-BFFE-7891F65928CF}.CompilerOnly|Mixed Platforms.Build.0 = Release|Any CPU
		{C17FACB4-07E2-43F9-BFFE-7891F65928CF}.CompilerOnly|Win32.ActiveCfg = Release|Any CPU
		{C17FACB4-07E2-43F9-BFFE-7891F65928CF}.CompilerOnly|x86.ActiveCfg = Release|Any CPU
		{C17FACB4-07E2-43F9-BFFE-7891F65928CF}.Debug|Any CPU.ActiveCfg = Debug|Any CPU
		{C17FACB4-07E2-43F9-BFFE-7891F65928CF}.Debug|Any CPU.Build.0 = Debug|Any CPU
		{C17FACB4-07E2-43F9-BFFE-7891F65928CF}.Debug|Mixed Platforms.ActiveCfg = Debug|Any CPU
		{C17FACB4-07E2-43F9-BFFE-7891F65928CF}.Debug|Mixed Platforms.Build.0 = Debug|Any CPU
		{C17FACB4-07E2-43F9-BFFE-7891F65928CF}.Debug|Win32.ActiveCfg = Debug|Any CPU
		{C17FACB4-07E2-43F9-BFFE-7891F65928CF}.Debug|x86.ActiveCfg = Debug|Any CPU
		{C17FACB4-07E2-43F9-BFFE-7891F65928CF}.FastpathSim|Any CPU.ActiveCfg = Release|Any CPU
		{C17FACB4-07E2-43F9-BFFE-7891F65928CF}.FastpathSim|Any CPU.Build.0 = Release|Any CPU
		{C17FACB4-07E2-43F9-BFFE-7891F65928CF}.FastpathSim|Mixed Platforms.ActiveCfg = Release|Any CPU
		{C17FACB4-07E2-43F9-BFFE-7891F65928CF}.FastpathSim|Mixed Platforms.Build.0 = Release|Any CPU
		{C17FACB4-07E2-43F9-BFFE-7891F65928CF}.FastpathSim|Win32.ActiveCfg = Release|Any CPU
		{C17FACB4-07E2-43F9-BFFE-7891F65928CF}.FastpathSim|x86.ActiveCfg = Release|Any CPU
		{C17FACB4-07E2-43F9-BFFE-7891F65928CF}.NightlyDebug|Any CPU.ActiveCfg = Debug|Any CPU
		{C17FACB4-07E2-43F9-BFFE-7891F65928CF}.NightlyDebug|Any CPU.Build.0 = Debug|Any CPU
		{C17FACB4-07E2-43F9-BFFE-7891F65928CF}.NightlyDebug|Mixed Platforms.ActiveCfg = Debug|Any CPU
		{C17FACB4-07E2-43F9-BFFE-7891F65928CF}.NightlyDebug|Mixed Platforms.Build.0 = Debug|Any CPU
		{C17FACB4-07E2-43F9-BFFE-7891F65928CF}.NightlyDebug|Win32.ActiveCfg = Debug|Any CPU
		{C17FACB4-07E2-43F9-BFFE-7891F65928CF}.NightlyDebug|x86.ActiveCfg = Debug|Any CPU
		{C17FACB4-07E2-43F9-BFFE-7891F65928CF}.NightlyRelease|Any CPU.ActiveCfg = Release|Any CPU
		{C17FACB4-07E2-43F9-BFFE-7891F65928CF}.NightlyRelease|Any CPU.Build.0 = Release|Any CPU
		{C17FACB4-07E2-43F9-BFFE-7891F65928CF}.NightlyRelease|Mixed Platforms.ActiveCfg = Release|Any CPU
		{C17FACB4-07E2-43F9-BFFE-7891F65928CF}.NightlyRelease|Mixed Platforms.Build.0 = Release|Any CPU
		{C17FACB4-07E2-43F9-BFFE-7891F65928CF}.NightlyRelease|Win32.ActiveCfg = Release|Any CPU
		{C17FACB4-07E2-43F9-BFFE-7891F65928CF}.NightlyRelease|x86.ActiveCfg = Release|Any CPU
		{C17FACB4-07E2-43F9-BFFE-7891F65928CF}.NotifyPropertyChanged|Any CPU.ActiveCfg = Release|Any CPU
		{C17FACB4-07E2-43F9-BFFE-7891F65928CF}.NotifyPropertyChanged|Any CPU.Build.0 = Release|Any CPU
		{C17FACB4-07E2-43F9-BFFE-7891F65928CF}.NotifyPropertyChanged|Mixed Platforms.ActiveCfg = Release|Any CPU
		{C17FACB4-07E2-43F9-BFFE-7891F65928CF}.NotifyPropertyChanged|Mixed Platforms.Build.0 = Release|Any CPU
		{C17FACB4-07E2-43F9-BFFE-7891F65928CF}.NotifyPropertyChanged|Win32.ActiveCfg = Release|Any CPU
		{C17FACB4-07E2-43F9-BFFE-7891F65928CF}.NotifyPropertyChanged|x86.ActiveCfg = Release|Any CPU
		{C17FACB4-07E2-43F9-BFFE-7891F65928CF}.Release|Any CPU.ActiveCfg = Release|Any CPU
		{C17FACB4-07E2-43F9-BFFE-7891F65928CF}.Release|Any CPU.Build.0 = Release|Any CPU
		{C17FACB4-07E2-43F9-BFFE-7891F65928CF}.Release|Mixed Platforms.ActiveCfg = Release|Any CPU
		{C17FACB4-07E2-43F9-BFFE-7891F65928CF}.Release|Mixed Platforms.Build.0 = Release|Any CPU
		{C17FACB4-07E2-43F9-BFFE-7891F65928CF}.Release|Win32.ActiveCfg = Release|Any CPU
		{C17FACB4-07E2-43F9-BFFE-7891F65928CF}.Release|x86.ActiveCfg = Release|Any CPU
		{CB0A7510-EEB3-4402-9EEE-A04E16B20D3D}.CompilerOnly|Any CPU.ActiveCfg = Release|Any CPU
		{CB0A7510-EEB3-4402-9EEE-A04E16B20D3D}.CompilerOnly|Any CPU.Build.0 = Release|Any CPU
		{CB0A7510-EEB3-4402-9EEE-A04E16B20D3D}.CompilerOnly|Mixed Platforms.ActiveCfg = Release|Any CPU
		{CB0A7510-EEB3-4402-9EEE-A04E16B20D3D}.CompilerOnly|Mixed Platforms.Build.0 = Release|Any CPU
		{CB0A7510-EEB3-4402-9EEE-A04E16B20D3D}.CompilerOnly|Win32.ActiveCfg = Release|Any CPU
		{CB0A7510-EEB3-4402-9EEE-A04E16B20D3D}.CompilerOnly|x86.ActiveCfg = Release|Any CPU
		{CB0A7510-EEB3-4402-9EEE-A04E16B20D3D}.Debug|Any CPU.ActiveCfg = Debug|Any CPU
		{CB0A7510-EEB3-4402-9EEE-A04E16B20D3D}.Debug|Any CPU.Build.0 = Debug|Any CPU
		{CB0A7510-EEB3-4402-9EEE-A04E16B20D3D}.Debug|Mixed Platforms.ActiveCfg = Debug|Any CPU
		{CB0A7510-EEB3-4402-9EEE-A04E16B20D3D}.Debug|Mixed Platforms.Build.0 = Debug|Any CPU
		{CB0A7510-EEB3-4402-9EEE-A04E16B20D3D}.Debug|Win32.ActiveCfg = Debug|Any CPU
		{CB0A7510-EEB3-4402-9EEE-A04E16B20D3D}.Debug|x86.ActiveCfg = Debug|Any CPU
		{CB0A7510-EEB3-4402-9EEE-A04E16B20D3D}.FastpathSim|Any CPU.ActiveCfg = Release|Any CPU
		{CB0A7510-EEB3-4402-9EEE-A04E16B20D3D}.FastpathSim|Any CPU.Build.0 = Release|Any CPU
		{CB0A7510-EEB3-4402-9EEE-A04E16B20D3D}.FastpathSim|Mixed Platforms.ActiveCfg = Release|Any CPU
		{CB0A7510-EEB3-4402-9EEE-A04E16B20D3D}.FastpathSim|Mixed Platforms.Build.0 = Release|Any CPU
		{CB0A7510-EEB3-4402-9EEE-A04E16B20D3D}.FastpathSim|Win32.ActiveCfg = Release|Any CPU
		{CB0A7510-EEB3-4402-9EEE-A04E16B20D3D}.FastpathSim|x86.ActiveCfg = Release|Any CPU
		{CB0A7510-EEB3-4402-9EEE-A04E16B20D3D}.NightlyDebug|Any CPU.ActiveCfg = Debug|Any CPU
		{CB0A7510-EEB3-4402-9EEE-A04E16B20D3D}.NightlyDebug|Any CPU.Build.0 = Debug|Any CPU
		{CB0A7510-EEB3-4402-9EEE-A04E16B20D3D}.NightlyDebug|Mixed Platforms.ActiveCfg = Debug|Any CPU
		{CB0A7510-EEB3-4402-9EEE-A04E16B20D3D}.NightlyDebug|Mixed Platforms.Build.0 = Debug|Any CPU
		{CB0A7510-EEB3-4402-9EEE-A04E16B20D3D}.NightlyDebug|Win32.ActiveCfg = Debug|Any CPU
		{CB0A7510-EEB3-4402-9EEE-A04E16B20D3D}.NightlyDebug|x86.ActiveCfg = Debug|Any CPU
		{CB0A7510-EEB3-4402-9EEE-A04E16B20D3D}.NightlyRelease|Any CPU.ActiveCfg = Release|Any CPU
		{CB0A7510-EEB3-4402-9EEE-A04E16B20D3D}.NightlyRelease|Any CPU.Build.0 = Release|Any CPU
		{CB0A7510-EEB3-4402-9EEE-A04E16B20D3D}.NightlyRelease|Mixed Platforms.ActiveCfg = Release|Any CPU
		{CB0A7510-EEB3-4402-9EEE-A04E16B20D3D}.NightlyRelease|Mixed Platforms.Build.0 = Release|Any CPU
		{CB0A7510-EEB3-4402-9EEE-A04E16B20D3D}.NightlyRelease|Win32.ActiveCfg = Release|Any CPU
		{CB0A7510-EEB3-4402-9EEE-A04E16B20D3D}.NightlyRelease|x86.ActiveCfg = Release|Any CPU
		{CB0A7510-EEB3-4402-9EEE-A04E16B20D3D}.NotifyPropertyChanged|Any CPU.ActiveCfg = Release|Any CPU
		{CB0A7510-EEB3-4402-9EEE-A04E16B20D3D}.NotifyPropertyChanged|Any CPU.Build.0 = Release|Any CPU
		{CB0A7510-EEB3-4402-9EEE-A04E16B20D3D}.NotifyPropertyChanged|Mixed Platforms.ActiveCfg = Release|Any CPU
		{CB0A7510-EEB3-4402-9EEE-A04E16B20D3D}.NotifyPropertyChanged|Mixed Platforms.Build.0 = Release|Any CPU
		{CB0A7510-EEB3-4402-9EEE-A04E16B20D3D}.NotifyPropertyChanged|Win32.ActiveCfg = Release|Any CPU
		{CB0A7510-EEB3-4402-9EEE-A04E16B20D3D}.NotifyPropertyChanged|x86.ActiveCfg = Release|Any CPU
		{CB0A7510-EEB3-4402-9EEE-A04E16B20D3D}.Release|Any CPU.ActiveCfg = Release|Any CPU
		{CB0A7510-EEB3-4402-9EEE-A04E16B20D3D}.Release|Any CPU.Build.0 = Release|Any CPU
		{CB0A7510-EEB3-4402-9EEE-A04E16B20D3D}.Release|Mixed Platforms.ActiveCfg = Release|Any CPU
		{CB0A7510-EEB3-4402-9EEE-A04E16B20D3D}.Release|Mixed Platforms.Build.0 = Release|Any CPU
		{CB0A7510-EEB3-4402-9EEE-A04E16B20D3D}.Release|Win32.ActiveCfg = Release|Any CPU
		{CB0A7510-EEB3-4402-9EEE-A04E16B20D3D}.Release|x86.ActiveCfg = Release|Any CPU
		{C934A124-5208-4BF9-A1F0-B514287AD541}.CompilerOnly|Any CPU.ActiveCfg = Release|Any CPU
		{C934A124-5208-4BF9-A1F0-B514287AD541}.CompilerOnly|Any CPU.Build.0 = Release|Any CPU
		{C934A124-5208-4BF9-A1F0-B514287AD541}.CompilerOnly|Mixed Platforms.ActiveCfg = Release|Any CPU
		{C934A124-5208-4BF9-A1F0-B514287AD541}.CompilerOnly|Mixed Platforms.Build.0 = Release|Any CPU
		{C934A124-5208-4BF9-A1F0-B514287AD541}.CompilerOnly|Win32.ActiveCfg = Release|Any CPU
		{C934A124-5208-4BF9-A1F0-B514287AD541}.CompilerOnly|x86.ActiveCfg = Release|Any CPU
		{C934A124-5208-4BF9-A1F0-B514287AD541}.Debug|Any CPU.ActiveCfg = Debug|Any CPU
		{C934A124-5208-4BF9-A1F0-B514287AD541}.Debug|Any CPU.Build.0 = Debug|Any CPU
		{C934A124-5208-4BF9-A1F0-B514287AD541}.Debug|Mixed Platforms.ActiveCfg = Debug|Any CPU
		{C934A124-5208-4BF9-A1F0-B514287AD541}.Debug|Mixed Platforms.Build.0 = Debug|Any CPU
		{C934A124-5208-4BF9-A1F0-B514287AD541}.Debug|Win32.ActiveCfg = Debug|Any CPU
		{C934A124-5208-4BF9-A1F0-B514287AD541}.Debug|x86.ActiveCfg = Debug|Any CPU
		{C934A124-5208-4BF9-A1F0-B514287AD541}.FastpathSim|Any CPU.ActiveCfg = Release|Any CPU
		{C934A124-5208-4BF9-A1F0-B514287AD541}.FastpathSim|Any CPU.Build.0 = Release|Any CPU
		{C934A124-5208-4BF9-A1F0-B514287AD541}.FastpathSim|Mixed Platforms.ActiveCfg = Release|Any CPU
		{C934A124-5208-4BF9-A1F0-B514287AD541}.FastpathSim|Mixed Platforms.Build.0 = Release|Any CPU
		{C934A124-5208-4BF9-A1F0-B514287AD541}.FastpathSim|Win32.ActiveCfg = Release|Any CPU
		{C934A124-5208-4BF9-A1F0-B514287AD541}.FastpathSim|x86.ActiveCfg = Release|Any CPU
		{C934A124-5208-4BF9-A1F0-B514287AD541}.NightlyDebug|Any CPU.ActiveCfg = Debug|Any CPU
		{C934A124-5208-4BF9-A1F0-B514287AD541}.NightlyDebug|Any CPU.Build.0 = Debug|Any CPU
		{C934A124-5208-4BF9-A1F0-B514287AD541}.NightlyDebug|Mixed Platforms.ActiveCfg = Debug|Any CPU
		{C934A124-5208-4BF9-A1F0-B514287AD541}.NightlyDebug|Mixed Platforms.Build.0 = Debug|Any CPU
		{C934A124-5208-4BF9-A1F0-B514287AD541}.NightlyDebug|Win32.ActiveCfg = Debug|Any CPU
		{C934A124-5208-4BF9-A1F0-B514287AD541}.NightlyDebug|x86.ActiveCfg = Debug|Any CPU
		{C934A124-5208-4BF9-A1F0-B514287AD541}.NightlyRelease|Any CPU.ActiveCfg = Release|Any CPU
		{C934A124-5208-4BF9-A1F0-B514287AD541}.NightlyRelease|Any CPU.Build.0 = Release|Any CPU
		{C934A124-5208-4BF9-A1F0-B514287AD541}.NightlyRelease|Mixed Platforms.ActiveCfg = Release|Any CPU
		{C934A124-5208-4BF9-A1F0-B514287AD541}.NightlyRelease|Mixed Platforms.Build.0 = Release|Any CPU
		{C934A124-5208-4BF9-A1F0-B514287AD541}.NightlyRelease|Win32.ActiveCfg = Release|Any CPU
		{C934A124-5208-4BF9-A1F0-B514287AD541}.NightlyRelease|x86.ActiveCfg = Release|Any CPU
		{C934A124-5208-4BF9-A1F0-B514287AD541}.NotifyPropertyChanged|Any CPU.ActiveCfg = Release|Any CPU
		{C934A124-5208-4BF9-A1F0-B514287AD541}.NotifyPropertyChanged|Any CPU.Build.0 = Release|Any CPU
		{C934A124-5208-4BF9-A1F0-B514287AD541}.NotifyPropertyChanged|Mixed Platforms.ActiveCfg = Release|Any CPU
		{C934A124-5208-4BF9-A1F0-B514287AD541}.NotifyPropertyChanged|Mixed Platforms.Build.0 = Release|Any CPU
		{C934A124-5208-4BF9-A1F0-B514287AD541}.NotifyPropertyChanged|Win32.ActiveCfg = Release|Any CPU
		{C934A124-5208-4BF9-A1F0-B514287AD541}.NotifyPropertyChanged|x86.ActiveCfg = Release|Any CPU
		{C934A124-5208-4BF9-A1F0-B514287AD541}.Release|Any CPU.ActiveCfg = Release|Any CPU
		{C934A124-5208-4BF9-A1F0-B514287AD541}.Release|Any CPU.Build.0 = Release|Any CPU
		{C934A124-5208-4BF9-A1F0-B514287AD541}.Release|Mixed Platforms.ActiveCfg = Release|Any CPU
		{C934A124-5208-4BF9-A1F0-B514287AD541}.Release|Mixed Platforms.Build.0 = Release|Any CPU
		{C934A124-5208-4BF9-A1F0-B514287AD541}.Release|Win32.ActiveCfg = Release|Any CPU
		{C934A124-5208-4BF9-A1F0-B514287AD541}.Release|x86.ActiveCfg = Release|Any CPU
		{FF39EADC-9D3C-40EB-A0EA-60C76C560D54}.CompilerOnly|Any CPU.ActiveCfg = NotifyPropertyChanged|x86
		{FF39EADC-9D3C-40EB-A0EA-60C76C560D54}.CompilerOnly|Mixed Platforms.ActiveCfg = NotifyPropertyChanged|x86
		{FF39EADC-9D3C-40EB-A0EA-60C76C560D54}.CompilerOnly|Mixed Platforms.Build.0 = NotifyPropertyChanged|x86
		{FF39EADC-9D3C-40EB-A0EA-60C76C560D54}.CompilerOnly|Win32.ActiveCfg = NotifyPropertyChanged|x86
		{FF39EADC-9D3C-40EB-A0EA-60C76C560D54}.CompilerOnly|x86.ActiveCfg = NotifyPropertyChanged|x86
		{FF39EADC-9D3C-40EB-A0EA-60C76C560D54}.CompilerOnly|x86.Build.0 = NotifyPropertyChanged|x86
		{FF39EADC-9D3C-40EB-A0EA-60C76C560D54}.Debug|Any CPU.ActiveCfg = Debug|x86
		{FF39EADC-9D3C-40EB-A0EA-60C76C560D54}.Debug|Mixed Platforms.ActiveCfg = Debug|x86
		{FF39EADC-9D3C-40EB-A0EA-60C76C560D54}.Debug|Mixed Platforms.Build.0 = Debug|x86
		{FF39EADC-9D3C-40EB-A0EA-60C76C560D54}.Debug|Win32.ActiveCfg = Debug|x86
		{FF39EADC-9D3C-40EB-A0EA-60C76C560D54}.Debug|x86.ActiveCfg = Debug|x86
		{FF39EADC-9D3C-40EB-A0EA-60C76C560D54}.Debug|x86.Build.0 = Debug|x86
		{FF39EADC-9D3C-40EB-A0EA-60C76C560D54}.FastpathSim|Any CPU.ActiveCfg = NotifyPropertyChanged|x86
		{FF39EADC-9D3C-40EB-A0EA-60C76C560D54}.FastpathSim|Mixed Platforms.ActiveCfg = NotifyPropertyChanged|x86
		{FF39EADC-9D3C-40EB-A0EA-60C76C560D54}.FastpathSim|Mixed Platforms.Build.0 = NotifyPropertyChanged|x86
		{FF39EADC-9D3C-40EB-A0EA-60C76C560D54}.FastpathSim|Win32.ActiveCfg = NotifyPropertyChanged|x86
		{FF39EADC-9D3C-40EB-A0EA-60C76C560D54}.FastpathSim|x86.ActiveCfg = NotifyPropertyChanged|x86
		{FF39EADC-9D3C-40EB-A0EA-60C76C560D54}.FastpathSim|x86.Build.0 = NotifyPropertyChanged|x86
		{FF39EADC-9D3C-40EB-A0EA-60C76C560D54}.NightlyDebug|Any CPU.ActiveCfg = Debug|x86
		{FF39EADC-9D3C-40EB-A0EA-60C76C560D54}.NightlyDebug|Mixed Platforms.ActiveCfg = Debug|x86
		{FF39EADC-9D3C-40EB-A0EA-60C76C560D54}.NightlyDebug|Mixed Platforms.Build.0 = Debug|x86
		{FF39EADC-9D3C-40EB-A0EA-60C76C560D54}.NightlyDebug|Win32.ActiveCfg = Debug|x86
		{FF39EADC-9D3C-40EB-A0EA-60C76C560D54}.NightlyDebug|x86.ActiveCfg = Debug|x86
		{FF39EADC-9D3C-40EB-A0EA-60C76C560D54}.NightlyDebug|x86.Build.0 = Debug|x86
		{FF39EADC-9D3C-40EB-A0EA-60C76C560D54}.NightlyRelease|Any CPU.ActiveCfg = Release|x86
		{FF39EADC-9D3C-40EB-A0EA-60C76C560D54}.NightlyRelease|Mixed Platforms.ActiveCfg = Release|x86
		{FF39EADC-9D3C-40EB-A0EA-60C76C560D54}.NightlyRelease|Mixed Platforms.Build.0 = Release|x86
		{FF39EADC-9D3C-40EB-A0EA-60C76C560D54}.NightlyRelease|Win32.ActiveCfg = Release|x86
		{FF39EADC-9D3C-40EB-A0EA-60C76C560D54}.NightlyRelease|x86.ActiveCfg = Release|x86
		{FF39EADC-9D3C-40EB-A0EA-60C76C560D54}.NightlyRelease|x86.Build.0 = Release|x86
		{FF39EADC-9D3C-40EB-A0EA-60C76C560D54}.NotifyPropertyChanged|Any CPU.ActiveCfg = NotifyPropertyChanged|x86
		{FF39EADC-9D3C-40EB-A0EA-60C76C560D54}.NotifyPropertyChanged|Mixed Platforms.ActiveCfg = NotifyPropertyChanged|x86
		{FF39EADC-9D3C-40EB-A0EA-60C76C560D54}.NotifyPropertyChanged|Mixed Platforms.Build.0 = NotifyPropertyChanged|x86
		{FF39EADC-9D3C-40EB-A0EA-60C76C560D54}.NotifyPropertyChanged|Win32.ActiveCfg = NotifyPropertyChanged|x86
		{FF39EADC-9D3C-40EB-A0EA-60C76C560D54}.NotifyPropertyChanged|x86.ActiveCfg = NotifyPropertyChanged|x86
		{FF39EADC-9D3C-40EB-A0EA-60C76C560D54}.NotifyPropertyChanged|x86.Build.0 = NotifyPropertyChanged|x86
		{FF39EADC-9D3C-40EB-A0EA-60C76C560D54}.Release|Any CPU.ActiveCfg = Release|x86
		{FF39EADC-9D3C-40EB-A0EA-60C76C560D54}.Release|Mixed Platforms.ActiveCfg = Release|x86
		{FF39EADC-9D3C-40EB-A0EA-60C76C560D54}.Release|Mixed Platforms.Build.0 = Release|x86
		{FF39EADC-9D3C-40EB-A0EA-60C76C560D54}.Release|Win32.ActiveCfg = Release|x86
		{FF39EADC-9D3C-40EB-A0EA-60C76C560D54}.Release|x86.ActiveCfg = Release|x86
		{FF39EADC-9D3C-40EB-A0EA-60C76C560D54}.Release|x86.Build.0 = Release|x86
		{2E48FFFA-75C6-4DE7-ABCB-1406E15624C0}.CompilerOnly|Any CPU.ActiveCfg = Release|Any CPU
		{2E48FFFA-75C6-4DE7-ABCB-1406E15624C0}.CompilerOnly|Any CPU.Build.0 = Release|Any CPU
		{2E48FFFA-75C6-4DE7-ABCB-1406E15624C0}.CompilerOnly|Mixed Platforms.ActiveCfg = Release|Any CPU
		{2E48FFFA-75C6-4DE7-ABCB-1406E15624C0}.CompilerOnly|Mixed Platforms.Build.0 = Release|Any CPU
		{2E48FFFA-75C6-4DE7-ABCB-1406E15624C0}.CompilerOnly|Win32.ActiveCfg = Release|Any CPU
		{2E48FFFA-75C6-4DE7-ABCB-1406E15624C0}.CompilerOnly|x86.ActiveCfg = Release|Any CPU
		{2E48FFFA-75C6-4DE7-ABCB-1406E15624C0}.Debug|Any CPU.ActiveCfg = Debug|Any CPU
		{2E48FFFA-75C6-4DE7-ABCB-1406E15624C0}.Debug|Any CPU.Build.0 = Debug|Any CPU
		{2E48FFFA-75C6-4DE7-ABCB-1406E15624C0}.Debug|Mixed Platforms.ActiveCfg = Debug|Any CPU
		{2E48FFFA-75C6-4DE7-ABCB-1406E15624C0}.Debug|Mixed Platforms.Build.0 = Debug|Any CPU
		{2E48FFFA-75C6-4DE7-ABCB-1406E15624C0}.Debug|Win32.ActiveCfg = Debug|Any CPU
		{2E48FFFA-75C6-4DE7-ABCB-1406E15624C0}.Debug|x86.ActiveCfg = Debug|Any CPU
		{2E48FFFA-75C6-4DE7-ABCB-1406E15624C0}.FastpathSim|Any CPU.ActiveCfg = Release|Any CPU
		{2E48FFFA-75C6-4DE7-ABCB-1406E15624C0}.FastpathSim|Any CPU.Build.0 = Release|Any CPU
		{2E48FFFA-75C6-4DE7-ABCB-1406E15624C0}.FastpathSim|Mixed Platforms.ActiveCfg = Release|Any CPU
		{2E48FFFA-75C6-4DE7-ABCB-1406E15624C0}.FastpathSim|Mixed Platforms.Build.0 = Release|Any CPU
		{2E48FFFA-75C6-4DE7-ABCB-1406E15624C0}.FastpathSim|Win32.ActiveCfg = Release|Any CPU
		{2E48FFFA-75C6-4DE7-ABCB-1406E15624C0}.FastpathSim|x86.ActiveCfg = Release|Any CPU
		{2E48FFFA-75C6-4DE7-ABCB-1406E15624C0}.NightlyDebug|Any CPU.ActiveCfg = Debug|Any CPU
		{2E48FFFA-75C6-4DE7-ABCB-1406E15624C0}.NightlyDebug|Any CPU.Build.0 = Debug|Any CPU
		{2E48FFFA-75C6-4DE7-ABCB-1406E15624C0}.NightlyDebug|Mixed Platforms.ActiveCfg = Debug|Any CPU
		{2E48FFFA-75C6-4DE7-ABCB-1406E15624C0}.NightlyDebug|Mixed Platforms.Build.0 = Debug|Any CPU
		{2E48FFFA-75C6-4DE7-ABCB-1406E15624C0}.NightlyDebug|Win32.ActiveCfg = Debug|Any CPU
		{2E48FFFA-75C6-4DE7-ABCB-1406E15624C0}.NightlyDebug|x86.ActiveCfg = Debug|Any CPU
		{2E48FFFA-75C6-4DE7-ABCB-1406E15624C0}.NightlyRelease|Any CPU.ActiveCfg = Release|Any CPU
		{2E48FFFA-75C6-4DE7-ABCB-1406E15624C0}.NightlyRelease|Any CPU.Build.0 = Release|Any CPU
		{2E48FFFA-75C6-4DE7-ABCB-1406E15624C0}.NightlyRelease|Mixed Platforms.ActiveCfg = Release|Any CPU
		{2E48FFFA-75C6-4DE7-ABCB-1406E15624C0}.NightlyRelease|Mixed Platforms.Build.0 = Release|Any CPU
		{2E48FFFA-75C6-4DE7-ABCB-1406E15624C0}.NightlyRelease|Win32.ActiveCfg = Release|Any CPU
		{2E48FFFA-75C6-4DE7-ABCB-1406E15624C0}.NightlyRelease|x86.ActiveCfg = Release|Any CPU
		{2E48FFFA-75C6-4DE7-ABCB-1406E15624C0}.NotifyPropertyChanged|Any CPU.ActiveCfg = Release|Any CPU
		{2E48FFFA-75C6-4DE7-ABCB-1406E15624C0}.NotifyPropertyChanged|Any CPU.Build.0 = Release|Any CPU
		{2E48FFFA-75C6-4DE7-ABCB-1406E15624C0}.NotifyPropertyChanged|Mixed Platforms.ActiveCfg = Release|Any CPU
		{2E48FFFA-75C6-4DE7-ABCB-1406E15624C0}.NotifyPropertyChanged|Mixed Platforms.Build.0 = Release|Any CPU
		{2E48FFFA-75C6-4DE7-ABCB-1406E15624C0}.NotifyPropertyChanged|Win32.ActiveCfg = Release|Any CPU
		{2E48FFFA-75C6-4DE7-ABCB-1406E15624C0}.NotifyPropertyChanged|x86.ActiveCfg = Release|Any CPU
		{2E48FFFA-75C6-4DE7-ABCB-1406E15624C0}.Release|Any CPU.ActiveCfg = Release|Any CPU
		{2E48FFFA-75C6-4DE7-ABCB-1406E15624C0}.Release|Any CPU.Build.0 = Release|Any CPU
		{2E48FFFA-75C6-4DE7-ABCB-1406E15624C0}.Release|Mixed Platforms.ActiveCfg = Release|Any CPU
		{2E48FFFA-75C6-4DE7-ABCB-1406E15624C0}.Release|Mixed Platforms.Build.0 = Release|Any CPU
		{2E48FFFA-75C6-4DE7-ABCB-1406E15624C0}.Release|Win32.ActiveCfg = Release|Any CPU
		{2E48FFFA-75C6-4DE7-ABCB-1406E15624C0}.Release|x86.ActiveCfg = Release|Any CPU
		{619C5E20-95D3-4D8C-80B7-0D122E785062}.CompilerOnly|Any CPU.ActiveCfg = Release|Any CPU
		{619C5E20-95D3-4D8C-80B7-0D122E785062}.CompilerOnly|Any CPU.Build.0 = Release|Any CPU
		{619C5E20-95D3-4D8C-80B7-0D122E785062}.CompilerOnly|Mixed Platforms.ActiveCfg = Release|Any CPU
		{619C5E20-95D3-4D8C-80B7-0D122E785062}.CompilerOnly|Mixed Platforms.Build.0 = Release|Any CPU
		{619C5E20-95D3-4D8C-80B7-0D122E785062}.CompilerOnly|Win32.ActiveCfg = Release|Any CPU
		{619C5E20-95D3-4D8C-80B7-0D122E785062}.CompilerOnly|x86.ActiveCfg = Release|Any CPU
		{619C5E20-95D3-4D8C-80B7-0D122E785062}.Debug|Any CPU.ActiveCfg = Debug|Any CPU
		{619C5E20-95D3-4D8C-80B7-0D122E785062}.Debug|Any CPU.Build.0 = Debug|Any CPU
		{619C5E20-95D3-4D8C-80B7-0D122E785062}.Debug|Mixed Platforms.ActiveCfg = Debug|Any CPU
		{619C5E20-95D3-4D8C-80B7-0D122E785062}.Debug|Mixed Platforms.Build.0 = Debug|Any CPU
		{619C5E20-95D3-4D8C-80B7-0D122E785062}.Debug|Win32.ActiveCfg = Debug|Any CPU
		{619C5E20-95D3-4D8C-80B7-0D122E785062}.Debug|x86.ActiveCfg = Debug|Any CPU
		{619C5E20-95D3-4D8C-80B7-0D122E785062}.FastpathSim|Any CPU.ActiveCfg = Release|Any CPU
		{619C5E20-95D3-4D8C-80B7-0D122E785062}.FastpathSim|Any CPU.Build.0 = Release|Any CPU
		{619C5E20-95D3-4D8C-80B7-0D122E785062}.FastpathSim|Mixed Platforms.ActiveCfg = Release|Any CPU
		{619C5E20-95D3-4D8C-80B7-0D122E785062}.FastpathSim|Mixed Platforms.Build.0 = Release|Any CPU
		{619C5E20-95D3-4D8C-80B7-0D122E785062}.FastpathSim|Win32.ActiveCfg = Release|Any CPU
		{619C5E20-95D3-4D8C-80B7-0D122E785062}.FastpathSim|x86.ActiveCfg = Release|Any CPU
		{619C5E20-95D3-4D8C-80B7-0D122E785062}.NightlyDebug|Any CPU.ActiveCfg = Debug|Any CPU
		{619C5E20-95D3-4D8C-80B7-0D122E785062}.NightlyDebug|Any CPU.Build.0 = Debug|Any CPU
		{619C5E20-95D3-4D8C-80B7-0D122E785062}.NightlyDebug|Mixed Platforms.ActiveCfg = Debug|Any CPU
		{619C5E20-95D3-4D8C-80B7-0D122E785062}.NightlyDebug|Mixed Platforms.Build.0 = Debug|Any CPU
		{619C5E20-95D3-4D8C-80B7-0D122E785062}.NightlyDebug|Win32.ActiveCfg = Debug|Any CPU
		{619C5E20-95D3-4D8C-80B7-0D122E785062}.NightlyDebug|x86.ActiveCfg = Debug|Any CPU
		{619C5E20-95D3-4D8C-80B7-0D122E785062}.NightlyRelease|Any CPU.ActiveCfg = Release|Any CPU
		{619C5E20-95D3-4D8C-80B7-0D122E785062}.NightlyRelease|Any CPU.Build.0 = Release|Any CPU
		{619C5E20-95D3-4D8C-80B7-0D122E785062}.NightlyRelease|Mixed Platforms.ActiveCfg = Release|Any CPU
		{619C5E20-95D3-4D8C-80B7-0D122E785062}.NightlyRelease|Mixed Platforms.Build.0 = Release|Any CPU
		{619C5E20-95D3-4D8C-80B7-0D122E785062}.NightlyRelease|Win32.ActiveCfg = Release|Any CPU
		{619C5E20-95D3-4D8C-80B7-0D122E785062}.NightlyRelease|x86.ActiveCfg = Release|Any CPU
		{619C5E20-95D3-4D8C-80B7-0D122E785062}.NotifyPropertyChanged|Any CPU.ActiveCfg = Release|Any CPU
		{619C5E20-95D3-4D8C-80B7-0D122E785062}.NotifyPropertyChanged|Any CPU.Build.0 = Release|Any CPU
		{619C5E20-95D3-4D8C-80B7-0D122E785062}.NotifyPropertyChanged|Mixed Platforms.ActiveCfg = Release|Any CPU
		{619C5E20-95D3-4D8C-80B7-0D122E785062}.NotifyPropertyChanged|Mixed Platforms.Build.0 = Release|Any CPU
		{619C5E20-95D3-4D8C-80B7-0D122E785062}.NotifyPropertyChanged|Win32.ActiveCfg = Release|Any CPU
		{619C5E20-95D3-4D8C-80B7-0D122E785062}.NotifyPropertyChanged|x86.ActiveCfg = Release|Any CPU
		{619C5E20-95D3-4D8C-80B7-0D122E785062}.Release|Any CPU.ActiveCfg = Release|Any CPU
		{619C5E20-95D3-4D8C-80B7-0D122E785062}.Release|Any CPU.Build.0 = Release|Any CPU
		{619C5E20-95D3-4D8C-80B7-0D122E785062}.Release|Mixed Platforms.ActiveCfg = Release|Any CPU
		{619C5E20-95D3-4D8C-80B7-0D122E785062}.Release|Mixed Platforms.Build.0 = Release|Any CPU
		{619C5E20-95D3-4D8C-80B7-0D122E785062}.Release|Win32.ActiveCfg = Release|Any CPU
		{619C5E20-95D3-4D8C-80B7-0D122E785062}.Release|x86.ActiveCfg = Release|Any CPU
		{DA161C2D-C4AD-44DB-99E5-24FD33BD6A3E}.CompilerOnly|Any CPU.ActiveCfg = Release|Any CPU
		{DA161C2D-C4AD-44DB-99E5-24FD33BD6A3E}.CompilerOnly|Any CPU.Build.0 = Release|Any CPU
		{DA161C2D-C4AD-44DB-99E5-24FD33BD6A3E}.CompilerOnly|Mixed Platforms.ActiveCfg = Release|Any CPU
		{DA161C2D-C4AD-44DB-99E5-24FD33BD6A3E}.CompilerOnly|Mixed Platforms.Build.0 = Release|Any CPU
		{DA161C2D-C4AD-44DB-99E5-24FD33BD6A3E}.CompilerOnly|Win32.ActiveCfg = Release|Any CPU
		{DA161C2D-C4AD-44DB-99E5-24FD33BD6A3E}.CompilerOnly|x86.ActiveCfg = Release|Any CPU
		{DA161C2D-C4AD-44DB-99E5-24FD33BD6A3E}.Debug|Any CPU.ActiveCfg = Debug|Any CPU
		{DA161C2D-C4AD-44DB-99E5-24FD33BD6A3E}.Debug|Any CPU.Build.0 = Debug|Any CPU
		{DA161C2D-C4AD-44DB-99E5-24FD33BD6A3E}.Debug|Mixed Platforms.ActiveCfg = Debug|Any CPU
		{DA161C2D-C4AD-44DB-99E5-24FD33BD6A3E}.Debug|Mixed Platforms.Build.0 = Debug|Any CPU
		{DA161C2D-C4AD-44DB-99E5-24FD33BD6A3E}.Debug|Win32.ActiveCfg = Debug|Any CPU
		{DA161C2D-C4AD-44DB-99E5-24FD33BD6A3E}.Debug|x86.ActiveCfg = Debug|Any CPU
		{DA161C2D-C4AD-44DB-99E5-24FD33BD6A3E}.FastpathSim|Any CPU.ActiveCfg = Release|Any CPU
		{DA161C2D-C4AD-44DB-99E5-24FD33BD6A3E}.FastpathSim|Any CPU.Build.0 = Release|Any CPU
		{DA161C2D-C4AD-44DB-99E5-24FD33BD6A3E}.FastpathSim|Mixed Platforms.ActiveCfg = Release|Any CPU
		{DA161C2D-C4AD-44DB-99E5-24FD33BD6A3E}.FastpathSim|Mixed Platforms.Build.0 = Release|Any CPU
		{DA161C2D-C4AD-44DB-99E5-24FD33BD6A3E}.FastpathSim|Win32.ActiveCfg = Release|Any CPU
		{DA161C2D-C4AD-44DB-99E5-24FD33BD6A3E}.FastpathSim|x86.ActiveCfg = Release|Any CPU
		{DA161C2D-C4AD-44DB-99E5-24FD33BD6A3E}.NightlyDebug|Any CPU.ActiveCfg = Debug|Any CPU
		{DA161C2D-C4AD-44DB-99E5-24FD33BD6A3E}.NightlyDebug|Any CPU.Build.0 = Debug|Any CPU
		{DA161C2D-C4AD-44DB-99E5-24FD33BD6A3E}.NightlyDebug|Mixed Platforms.ActiveCfg = Debug|Any CPU
		{DA161C2D-C4AD-44DB-99E5-24FD33BD6A3E}.NightlyDebug|Mixed Platforms.Build.0 = Debug|Any CPU
		{DA161C2D-C4AD-44DB-99E5-24FD33BD6A3E}.NightlyDebug|Win32.ActiveCfg = Debug|Any CPU
		{DA161C2D-C4AD-44DB-99E5-24FD33BD6A3E}.NightlyDebug|x86.ActiveCfg = Debug|Any CPU
		{DA161C2D-C4AD-44DB-99E5-24FD33BD6A3E}.NightlyRelease|Any CPU.ActiveCfg = Release|Any CPU
		{DA161C2D-C4AD-44DB-99E5-24FD33BD6A3E}.NightlyRelease|Any CPU.Build.0 = Release|Any CPU
		{DA161C2D-C4AD-44DB-99E5-24FD33BD6A3E}.NightlyRelease|Mixed Platforms.ActiveCfg = Release|Any CPU
		{DA161C2D-C4AD-44DB-99E5-24FD33BD6A3E}.NightlyRelease|Mixed Platforms.Build.0 = Release|Any CPU
		{DA161C2D-C4AD-44DB-99E5-24FD33BD6A3E}.NightlyRelease|Win32.ActiveCfg = Release|Any CPU
		{DA161C2D-C4AD-44DB-99E5-24FD33BD6A3E}.NightlyRelease|x86.ActiveCfg = Release|Any CPU
		{DA161C2D-C4AD-44DB-99E5-24FD33BD6A3E}.NotifyPropertyChanged|Any CPU.ActiveCfg = Release|Any CPU
		{DA161C2D-C4AD-44DB-99E5-24FD33BD6A3E}.NotifyPropertyChanged|Any CPU.Build.0 = Release|Any CPU
		{DA161C2D-C4AD-44DB-99E5-24FD33BD6A3E}.NotifyPropertyChanged|Mixed Platforms.ActiveCfg = Release|Any CPU
		{DA161C2D-C4AD-44DB-99E5-24FD33BD6A3E}.NotifyPropertyChanged|Mixed Platforms.Build.0 = Release|Any CPU
		{DA161C2D-C4AD-44DB-99E5-24FD33BD6A3E}.NotifyPropertyChanged|Win32.ActiveCfg = Release|Any CPU
		{DA161C2D-C4AD-44DB-99E5-24FD33BD6A3E}.NotifyPropertyChanged|x86.ActiveCfg = Release|Any CPU
		{DA161C2D-C4AD-44DB-99E5-24FD33BD6A3E}.Release|Any CPU.ActiveCfg = Release|Any CPU
		{DA161C2D-C4AD-44DB-99E5-24FD33BD6A3E}.Release|Any CPU.Build.0 = Release|Any CPU
		{DA161C2D-C4AD-44DB-99E5-24FD33BD6A3E}.Release|Mixed Platforms.ActiveCfg = Release|Any CPU
		{DA161C2D-C4AD-44DB-99E5-24FD33BD6A3E}.Release|Mixed Platforms.Build.0 = Release|Any CPU
		{DA161C2D-C4AD-44DB-99E5-24FD33BD6A3E}.Release|Win32.ActiveCfg = Release|Any CPU
		{DA161C2D-C4AD-44DB-99E5-24FD33BD6A3E}.Release|x86.ActiveCfg = Release|Any CPU
	EndGlobalSection
	GlobalSection(SolutionProperties) = preSolution
		HideSolutionNode = FALSE
	EndGlobalSection
	GlobalSection(NestedProjects) = preSolution
		{0DD0DE4A-10AC-4A3F-A3C6-4C96B902D819} = {B709D2A5-9303-401B-AF1B-0313C050FBC5}
		{CE2C2FFD-7195-4F8B-911A-42445EBAFFB9} = {B709D2A5-9303-401B-AF1B-0313C050FBC5}
		{6AC26EC8-2CA8-431C-89F2-954A2DD6B4D4} = {B709D2A5-9303-401B-AF1B-0313C050FBC5}
		{6DDE7BC4-8361-435E-9D6C-79175B0E8C73} = {B709D2A5-9303-401B-AF1B-0313C050FBC5}
		{DCF621B2-47A4-490A-897D-C3593E2FB9C1} = {0DD0DE4A-10AC-4A3F-A3C6-4C96B902D819}
		{E8818AD9-D332-4B6D-B33F-0C0B942647A0} = {0DD0DE4A-10AC-4A3F-A3C6-4C96B902D819}
		{AE704B90-7AC9-4567-B9BC-EB2C60EFD8AF} = {0DD0DE4A-10AC-4A3F-A3C6-4C96B902D819}
		{980DEA7F-BE8A-4287-ACF1-1494602BBB8B} = {0DD0DE4A-10AC-4A3F-A3C6-4C96B902D819}
		{91D3E48E-0CFC-4F86-8B1C-456428095B1C} = {CE2C2FFD-7195-4F8B-911A-42445EBAFFB9}
		{C17FACB4-07E2-43F9-BFFE-7891F65928CF} = {CE2C2FFD-7195-4F8B-911A-42445EBAFFB9}
		{CB0A7510-EEB3-4402-9EEE-A04E16B20D3D} = {CE2C2FFD-7195-4F8B-911A-42445EBAFFB9}
		{C934A124-5208-4BF9-A1F0-B514287AD541} = {6AC26EC8-2CA8-431C-89F2-954A2DD6B4D4}
		{2E48FFFA-75C6-4DE7-ABCB-1406E15624C0} = {6DDE7BC4-8361-435E-9D6C-79175B0E8C73}
		{619C5E20-95D3-4D8C-80B7-0D122E785062} = {6DDE7BC4-8361-435E-9D6C-79175B0E8C73}
		{DA161C2D-C4AD-44DB-99E5-24FD33BD6A3E} = {6DDE7BC4-8361-435E-9D6C-79175B0E8C73}
	EndGlobalSection
EndGlobal
